// !$*UTF8*$!
{
	archiveVersion = 1;
	classes = {
	};
	objectVersion = 46;
	objects = {

/* Begin PBXBuildFile section */
		4351D0B816B4C5DB0039FE88 /* UIKit.framework in Frameworks */ = {isa = PBXBuildFile; fileRef = 4351D0B716B4C5DB0039FE88 /* UIKit.framework */; };
		4351D0BA16B4C5DB0039FE88 /* Foundation.framework in Frameworks */ = {isa = PBXBuildFile; fileRef = 4351D0B916B4C5DB0039FE88 /* Foundation.framework */; };
		4351D0BC16B4C5DB0039FE88 /* CoreGraphics.framework in Frameworks */ = {isa = PBXBuildFile; fileRef = 4351D0BB16B4C5DB0039FE88 /* CoreGraphics.framework */; };
		4351D0C216B4C5DB0039FE88 /* InfoPlist.strings in Resources */ = {isa = PBXBuildFile; fileRef = 4351D0C016B4C5DB0039FE88 /* InfoPlist.strings */; };
		4351D0C416B4C5DB0039FE88 /* main.m in Sources */ = {isa = PBXBuildFile; fileRef = 4351D0C316B4C5DB0039FE88 /* main.m */; };
		4351D0C816B4C5DB0039FE88 /* PVAppDelegate.m in Sources */ = {isa = PBXBuildFile; fileRef = 4351D0C716B4C5DB0039FE88 /* PVAppDelegate.m */; };
		4351D0D116B4C5DB0039FE88 /* PVTrendingSitesController.m in Sources */ = {isa = PBXBuildFile; fileRef = 4351D0D016B4C5DB0039FE88 /* PVTrendingSitesController.m */; };
		4351D0D816B4C5DB0039FE88 /* PVTechnologyViewController.m in Sources */ = {isa = PBXBuildFile; fileRef = 4351D0D716B4C5DB0039FE88 /* PVTechnologyViewController.m */; };
		4351D0F016B4C6CA0039FE88 /* Default-568h@2x.png in Resources */ = {isa = PBXBuildFile; fileRef = 4351D0E916B4C6CA0039FE88 /* Default-568h@2x.png */; };
		4351D0F116B4C6CA0039FE88 /* Default.png in Resources */ = {isa = PBXBuildFile; fileRef = 4351D0EA16B4C6CA0039FE88 /* Default.png */; };
		4351D0F216B4C6CA0039FE88 /* Default@2x.png in Resources */ = {isa = PBXBuildFile; fileRef = 4351D0EB16B4C6CA0039FE88 /* Default@2x.png */; };
		4351D0FD16B4C70C0039FE88 /* PVSearchViewController.m in Sources */ = {isa = PBXBuildFile; fileRef = 4351D0FB16B4C70C0039FE88 /* PVSearchViewController.m */; };
		4351D0FE16B4C70C0039FE88 /* PVSearchViewController.xib in Resources */ = {isa = PBXBuildFile; fileRef = 4351D0FC16B4C70C0039FE88 /* PVSearchViewController.xib */; };
		4351D10116B4C71A0039FE88 /* PVTechnologyViewController.xib in Resources */ = {isa = PBXBuildFile; fileRef = 4351D0FF16B4C71A0039FE88 /* PVTechnologyViewController.xib */; };
		4351D10216B4C71A0039FE88 /* PVTrendingSitesController.xib in Resources */ = {isa = PBXBuildFile; fileRef = 4351D10016B4C71A0039FE88 /* PVTrendingSitesController.xib */; };
		4351D10616B4C7470039FE88 /* PVNearbySitesViewController.m in Sources */ = {isa = PBXBuildFile; fileRef = 4351D10416B4C7470039FE88 /* PVNearbySitesViewController.m */; };
		4351D10716B4C7470039FE88 /* PVNearbySitesViewController.xib in Resources */ = {isa = PBXBuildFile; fileRef = 4351D10516B4C7470039FE88 /* PVNearbySitesViewController.xib */; };
		4351D11016B4C9670039FE88 /* tab_nearby.png in Resources */ = {isa = PBXBuildFile; fileRef = 4351D10816B4C9670039FE88 /* tab_nearby.png */; };
		4351D11116B4C9670039FE88 /* tab_nearby@2x.png in Resources */ = {isa = PBXBuildFile; fileRef = 4351D10916B4C9670039FE88 /* tab_nearby@2x.png */; };
		4351D11216B4C9670039FE88 /* tab_search.png in Resources */ = {isa = PBXBuildFile; fileRef = 4351D10A16B4C9670039FE88 /* tab_search.png */; };
		4351D11316B4C9670039FE88 /* tab_search@2x.png in Resources */ = {isa = PBXBuildFile; fileRef = 4351D10B16B4C9670039FE88 /* tab_search@2x.png */; };
		4351D11416B4C9670039FE88 /* tab_tech.png in Resources */ = {isa = PBXBuildFile; fileRef = 4351D10C16B4C9670039FE88 /* tab_tech.png */; };
		4351D11516B4C9670039FE88 /* tab_tech@2x.png in Resources */ = {isa = PBXBuildFile; fileRef = 4351D10D16B4C9670039FE88 /* tab_tech@2x.png */; };
		4351D11616B4C9670039FE88 /* tab_trending.png in Resources */ = {isa = PBXBuildFile; fileRef = 4351D10E16B4C9670039FE88 /* tab_trending.png */; };
		4351D11716B4C9670039FE88 /* tab_trending@2x.png in Resources */ = {isa = PBXBuildFile; fileRef = 4351D10F16B4C9670039FE88 /* tab_trending@2x.png */; };
		4351D11E16B4CBDF0039FE88 /* PVAPIConnector.m in Sources */ = {isa = PBXBuildFile; fileRef = 4351D11D16B4CBDF0039FE88 /* PVAPIConnector.m */; };
		4351D13316B4CDDA0039FE88 /* AFHTTPClient.m in Sources */ = {isa = PBXBuildFile; fileRef = 4351D12116B4CDDA0039FE88 /* AFHTTPClient.m */; };
		4351D13416B4CDDA0039FE88 /* AFHTTPRequestOperation.m in Sources */ = {isa = PBXBuildFile; fileRef = 4351D12316B4CDDA0039FE88 /* AFHTTPRequestOperation.m */; };
		4351D13516B4CDDA0039FE88 /* AFImageRequestOperation.m in Sources */ = {isa = PBXBuildFile; fileRef = 4351D12516B4CDDA0039FE88 /* AFImageRequestOperation.m */; };
		4351D13616B4CDDA0039FE88 /* AFJSONRequestOperation.m in Sources */ = {isa = PBXBuildFile; fileRef = 4351D12716B4CDDA0039FE88 /* AFJSONRequestOperation.m */; };
		4351D13716B4CDDA0039FE88 /* AFNetworkActivityIndicatorManager.m in Sources */ = {isa = PBXBuildFile; fileRef = 4351D12916B4CDDA0039FE88 /* AFNetworkActivityIndicatorManager.m */; };
		4351D13816B4CDDA0039FE88 /* AFPropertyListRequestOperation.m in Sources */ = {isa = PBXBuildFile; fileRef = 4351D12C16B4CDDA0039FE88 /* AFPropertyListRequestOperation.m */; };
		4351D13916B4CDDA0039FE88 /* AFURLConnectionOperation.m in Sources */ = {isa = PBXBuildFile; fileRef = 4351D12E16B4CDDA0039FE88 /* AFURLConnectionOperation.m */; };
		4351D13A16B4CDDA0039FE88 /* AFXMLRequestOperation.m in Sources */ = {isa = PBXBuildFile; fileRef = 4351D13016B4CDDA0039FE88 /* AFXMLRequestOperation.m */; };
		4351D13B16B4CDDA0039FE88 /* UIImageView+AFNetworking.m in Sources */ = {isa = PBXBuildFile; fileRef = 4351D13216B4CDDA0039FE88 /* UIImageView+AFNetworking.m */; };
/* End PBXBuildFile section */

/* Begin PBXFileReference section */
		4351D0B316B4C5DB0039FE88 /* PARViewer.app */ = {isa = PBXFileReference; explicitFileType = wrapper.application; includeInIndex = 0; path = PARViewer.app; sourceTree = BUILT_PRODUCTS_DIR; };
		4351D0B716B4C5DB0039FE88 /* UIKit.framework */ = {isa = PBXFileReference; lastKnownFileType = wrapper.framework; name = UIKit.framework; path = System/Library/Frameworks/UIKit.framework; sourceTree = SDKROOT; };
		4351D0B916B4C5DB0039FE88 /* Foundation.framework */ = {isa = PBXFileReference; lastKnownFileType = wrapper.framework; name = Foundation.framework; path = System/Library/Frameworks/Foundation.framework; sourceTree = SDKROOT; };
		4351D0BB16B4C5DB0039FE88 /* CoreGraphics.framework */ = {isa = PBXFileReference; lastKnownFileType = wrapper.framework; name = CoreGraphics.framework; path = System/Library/Frameworks/CoreGraphics.framework; sourceTree = SDKROOT; };
		4351D0BF16B4C5DB0039FE88 /* PARViewer-Info.plist */ = {isa = PBXFileReference; lastKnownFileType = text.plist.xml; path = "PARViewer-Info.plist"; sourceTree = "<group>"; };
		4351D0C116B4C5DB0039FE88 /* en */ = {isa = PBXFileReference; lastKnownFileType = text.plist.strings; name = en; path = en.lproj/InfoPlist.strings; sourceTree = "<group>"; };
		4351D0C316B4C5DB0039FE88 /* main.m */ = {isa = PBXFileReference; lastKnownFileType = sourcecode.c.objc; path = main.m; sourceTree = "<group>"; };
		4351D0C516B4C5DB0039FE88 /* PARViewer-Prefix.pch */ = {isa = PBXFileReference; lastKnownFileType = sourcecode.c.h; path = "PARViewer-Prefix.pch"; sourceTree = "<group>"; };
		4351D0C616B4C5DB0039FE88 /* PVAppDelegate.h */ = {isa = PBXFileReference; lastKnownFileType = sourcecode.c.h; path = PVAppDelegate.h; sourceTree = "<group>"; };
		4351D0C716B4C5DB0039FE88 /* PVAppDelegate.m */ = {isa = PBXFileReference; lastKnownFileType = sourcecode.c.objc; path = PVAppDelegate.m; sourceTree = "<group>"; };
		4351D0CF16B4C5DB0039FE88 /* PVTrendingSitesController.h */ = {isa = PBXFileReference; lastKnownFileType = sourcecode.c.h; path = PVTrendingSitesController.h; sourceTree = "<group>"; };
		4351D0D016B4C5DB0039FE88 /* PVTrendingSitesController.m */ = {isa = PBXFileReference; lastKnownFileType = sourcecode.c.objc; path = PVTrendingSitesController.m; sourceTree = "<group>"; };
		4351D0D616B4C5DB0039FE88 /* PVTechnologyViewController.h */ = {isa = PBXFileReference; lastKnownFileType = sourcecode.c.h; path = PVTechnologyViewController.h; sourceTree = "<group>"; };
		4351D0D716B4C5DB0039FE88 /* PVTechnologyViewController.m */ = {isa = PBXFileReference; lastKnownFileType = sourcecode.c.objc; path = PVTechnologyViewController.m; sourceTree = "<group>"; };
		4351D0E916B4C6CA0039FE88 /* Default-568h@2x.png */ = {isa = PBXFileReference; lastKnownFileType = image.png; path = "Default-568h@2x.png"; sourceTree = "<group>"; };
		4351D0EA16B4C6CA0039FE88 /* Default.png */ = {isa = PBXFileReference; lastKnownFileType = image.png; path = Default.png; sourceTree = "<group>"; };
		4351D0EB16B4C6CA0039FE88 /* Default@2x.png */ = {isa = PBXFileReference; lastKnownFileType = image.png; path = "Default@2x.png"; sourceTree = "<group>"; };
		4351D0FA16B4C70C0039FE88 /* PVSearchViewController.h */ = {isa = PBXFileReference; fileEncoding = 4; lastKnownFileType = sourcecode.c.h; path = PVSearchViewController.h; sourceTree = "<group>"; };
		4351D0FB16B4C70C0039FE88 /* PVSearchViewController.m */ = {isa = PBXFileReference; fileEncoding = 4; lastKnownFileType = sourcecode.c.objc; path = PVSearchViewController.m; sourceTree = "<group>"; };
		4351D0FC16B4C70C0039FE88 /* PVSearchViewController.xib */ = {isa = PBXFileReference; fileEncoding = 4; lastKnownFileType = file.xib; path = PVSearchViewController.xib; sourceTree = "<group>"; };
		4351D0FF16B4C71A0039FE88 /* PVTechnologyViewController.xib */ = {isa = PBXFileReference; fileEncoding = 4; lastKnownFileType = file.xib; path = PVTechnologyViewController.xib; sourceTree = "<group>"; };
		4351D10016B4C71A0039FE88 /* PVTrendingSitesController.xib */ = {isa = PBXFileReference; fileEncoding = 4; lastKnownFileType = file.xib; path = PVTrendingSitesController.xib; sourceTree = "<group>"; };
		4351D10316B4C7470039FE88 /* PVNearbySitesViewController.h */ = {isa = PBXFileReference; fileEncoding = 4; lastKnownFileType = sourcecode.c.h; path = PVNearbySitesViewController.h; sourceTree = "<group>"; };
		4351D10416B4C7470039FE88 /* PVNearbySitesViewController.m */ = {isa = PBXFileReference; fileEncoding = 4; lastKnownFileType = sourcecode.c.objc; path = PVNearbySitesViewController.m; sourceTree = "<group>"; };
		4351D10516B4C7470039FE88 /* PVNearbySitesViewController.xib */ = {isa = PBXFileReference; fileEncoding = 4; lastKnownFileType = file.xib; path = PVNearbySitesViewController.xib; sourceTree = "<group>"; };
		4351D10816B4C9670039FE88 /* tab_nearby.png */ = {isa = PBXFileReference; lastKnownFileType = image.png; path = tab_nearby.png; sourceTree = "<group>"; };
		4351D10916B4C9670039FE88 /* tab_nearby@2x.png */ = {isa = PBXFileReference; lastKnownFileType = image.png; path = "tab_nearby@2x.png"; sourceTree = "<group>"; };
		4351D10A16B4C9670039FE88 /* tab_search.png */ = {isa = PBXFileReference; lastKnownFileType = image.png; path = tab_search.png; sourceTree = "<group>"; };
		4351D10B16B4C9670039FE88 /* tab_search@2x.png */ = {isa = PBXFileReference; lastKnownFileType = image.png; path = "tab_search@2x.png"; sourceTree = "<group>"; };
		4351D10C16B4C9670039FE88 /* tab_tech.png */ = {isa = PBXFileReference; lastKnownFileType = image.png; path = tab_tech.png; sourceTree = "<group>"; };
		4351D10D16B4C9670039FE88 /* tab_tech@2x.png */ = {isa = PBXFileReference; lastKnownFileType = image.png; path = "tab_tech@2x.png"; sourceTree = "<group>"; };
		4351D10E16B4C9670039FE88 /* tab_trending.png */ = {isa = PBXFileReference; lastKnownFileType = image.png; path = tab_trending.png; sourceTree = "<group>"; };
		4351D10F16B4C9670039FE88 /* tab_trending@2x.png */ = {isa = PBXFileReference; lastKnownFileType = image.png; path = "tab_trending@2x.png"; sourceTree = "<group>"; };
		4351D11C16B4CBDF0039FE88 /* PVAPIConnector.h */ = {isa = PBXFileReference; fileEncoding = 4; lastKnownFileType = sourcecode.c.h; name = PVAPIConnector.h; path = Models/PVAPIConnector.h; sourceTree = "<group>"; };
		4351D11D16B4CBDF0039FE88 /* PVAPIConnector.m */ = {isa = PBXFileReference; fileEncoding = 4; lastKnownFileType = sourcecode.c.objc; name = PVAPIConnector.m; path = Models/PVAPIConnector.m; sourceTree = "<group>"; };
		4351D12016B4CDDA0039FE88 /* AFHTTPClient.h */ = {isa = PBXFileReference; fileEncoding = 4; lastKnownFileType = sourcecode.c.h; path = AFHTTPClient.h; sourceTree = "<group>"; };
		4351D12116B4CDDA0039FE88 /* AFHTTPClient.m */ = {isa = PBXFileReference; fileEncoding = 4; lastKnownFileType = sourcecode.c.objc; path = AFHTTPClient.m; sourceTree = "<group>"; };
		4351D12216B4CDDA0039FE88 /* AFHTTPRequestOperation.h */ = {isa = PBXFileReference; fileEncoding = 4; lastKnownFileType = sourcecode.c.h; path = AFHTTPRequestOperation.h; sourceTree = "<group>"; };
		4351D12316B4CDDA0039FE88 /* AFHTTPRequestOperation.m */ = {isa = PBXFileReference; fileEncoding = 4; lastKnownFileType = sourcecode.c.objc; path = AFHTTPRequestOperation.m; sourceTree = "<group>"; };
		4351D12416B4CDDA0039FE88 /* AFImageRequestOperation.h */ = {isa = PBXFileReference; fileEncoding = 4; lastKnownFileType = sourcecode.c.h; path = AFImageRequestOperation.h; sourceTree = "<group>"; };
		4351D12516B4CDDA0039FE88 /* AFImageRequestOperation.m */ = {isa = PBXFileReference; fileEncoding = 4; lastKnownFileType = sourcecode.c.objc; path = AFImageRequestOperation.m; sourceTree = "<group>"; };
		4351D12616B4CDDA0039FE88 /* AFJSONRequestOperation.h */ = {isa = PBXFileReference; fileEncoding = 4; lastKnownFileType = sourcecode.c.h; path = AFJSONRequestOperation.h; sourceTree = "<group>"; };
		4351D12716B4CDDA0039FE88 /* AFJSONRequestOperation.m */ = {isa = PBXFileReference; fileEncoding = 4; lastKnownFileType = sourcecode.c.objc; path = AFJSONRequestOperation.m; sourceTree = "<group>"; };
		4351D12816B4CDDA0039FE88 /* AFNetworkActivityIndicatorManager.h */ = {isa = PBXFileReference; fileEncoding = 4; lastKnownFileType = sourcecode.c.h; path = AFNetworkActivityIndicatorManager.h; sourceTree = "<group>"; };
		4351D12916B4CDDA0039FE88 /* AFNetworkActivityIndicatorManager.m */ = {isa = PBXFileReference; fileEncoding = 4; lastKnownFileType = sourcecode.c.objc; path = AFNetworkActivityIndicatorManager.m; sourceTree = "<group>"; };
		4351D12A16B4CDDA0039FE88 /* AFNetworking.h */ = {isa = PBXFileReference; fileEncoding = 4; lastKnownFileType = sourcecode.c.h; path = AFNetworking.h; sourceTree = "<group>"; };
		4351D12B16B4CDDA0039FE88 /* AFPropertyListRequestOperation.h */ = {isa = PBXFileReference; fileEncoding = 4; lastKnownFileType = sourcecode.c.h; path = AFPropertyListRequestOperation.h; sourceTree = "<group>"; };
		4351D12C16B4CDDA0039FE88 /* AFPropertyListRequestOperation.m */ = {isa = PBXFileReference; fileEncoding = 4; lastKnownFileType = sourcecode.c.objc; path = AFPropertyListRequestOperation.m; sourceTree = "<group>"; };
		4351D12D16B4CDDA0039FE88 /* AFURLConnectionOperation.h */ = {isa = PBXFileReference; fileEncoding = 4; lastKnownFileType = sourcecode.c.h; path = AFURLConnectionOperation.h; sourceTree = "<group>"; };
		4351D12E16B4CDDA0039FE88 /* AFURLConnectionOperation.m */ = {isa = PBXFileReference; fileEncoding = 4; lastKnownFileType = sourcecode.c.objc; path = AFURLConnectionOperation.m; sourceTree = "<group>"; };
		4351D12F16B4CDDA0039FE88 /* AFXMLRequestOperation.h */ = {isa = PBXFileReference; fileEncoding = 4; lastKnownFileType = sourcecode.c.h; path = AFXMLRequestOperation.h; sourceTree = "<group>"; };
		4351D13016B4CDDA0039FE88 /* AFXMLRequestOperation.m */ = {isa = PBXFileReference; fileEncoding = 4; lastKnownFileType = sourcecode.c.objc; path = AFXMLRequestOperation.m; sourceTree = "<group>"; };
		4351D13116B4CDDA0039FE88 /* UIImageView+AFNetworking.h */ = {isa = PBXFileReference; fileEncoding = 4; lastKnownFileType = sourcecode.c.h; path = "UIImageView+AFNetworking.h"; sourceTree = "<group>"; };
		4351D13216B4CDDA0039FE88 /* UIImageView+AFNetworking.m */ = {isa = PBXFileReference; fileEncoding = 4; lastKnownFileType = sourcecode.c.objc; path = "UIImageView+AFNetworking.m"; sourceTree = "<group>"; };
/* End PBXFileReference section */

/* Begin PBXFrameworksBuildPhase section */
		4351D0B016B4C5DB0039FE88 /* Frameworks */ = {
			isa = PBXFrameworksBuildPhase;
			buildActionMask = 2147483647;
			files = (
				4351D0B816B4C5DB0039FE88 /* UIKit.framework in Frameworks */,
				4351D0BA16B4C5DB0039FE88 /* Foundation.framework in Frameworks */,
				4351D0BC16B4C5DB0039FE88 /* CoreGraphics.framework in Frameworks */,
			);
			runOnlyForDeploymentPostprocessing = 0;
		};
/* End PBXFrameworksBuildPhase section */

/* Begin PBXGroup section */
		4351D0A816B4C5DB0039FE88 = {
			isa = PBXGroup;
			children = (
				4351D11F16B4CDDA0039FE88 /* AFNetworking */,
				4351D0BD16B4C5DB0039FE88 /* PARViewer */,
				4351D0E816B4C6CA0039FE88 /* Resources */,
				4351D0B616B4C5DB0039FE88 /* Frameworks */,
				4351D0B416B4C5DB0039FE88 /* Products */,
			);
			sourceTree = "<group>";
		};
		4351D0B416B4C5DB0039FE88 /* Products */ = {
			isa = PBXGroup;
			children = (
				4351D0B316B4C5DB0039FE88 /* PARViewer.app */,
			);
			name = Products;
			sourceTree = "<group>";
		};
		4351D0B616B4C5DB0039FE88 /* Frameworks */ = {
			isa = PBXGroup;
			children = (
				4351D0B716B4C5DB0039FE88 /* UIKit.framework */,
				4351D0B916B4C5DB0039FE88 /* Foundation.framework */,
				4351D0BB16B4C5DB0039FE88 /* CoreGraphics.framework */,
			);
			name = Frameworks;
			sourceTree = "<group>";
		};
		4351D0BD16B4C5DB0039FE88 /* PARViewer */ = {
			isa = PBXGroup;
			children = (
				4351D13C16B4CDEF0039FE88 /* Model */,
				4351D0C616B4C5DB0039FE88 /* PVAppDelegate.h */,
				4351D0C716B4C5DB0039FE88 /* PVAppDelegate.m */,
				4351D0FA16B4C70C0039FE88 /* PVSearchViewController.h */,
				4351D0FB16B4C70C0039FE88 /* PVSearchViewController.m */,
				4351D0FC16B4C70C0039FE88 /* PVSearchViewController.xib */,
				4351D10316B4C7470039FE88 /* PVNearbySitesViewController.h */,
				4351D10416B4C7470039FE88 /* PVNearbySitesViewController.m */,
				4351D10516B4C7470039FE88 /* PVNearbySitesViewController.xib */,
				4351D0CF16B4C5DB0039FE88 /* PVTrendingSitesController.h */,
				4351D0D016B4C5DB0039FE88 /* PVTrendingSitesController.m */,
				4351D10016B4C71A0039FE88 /* PVTrendingSitesController.xib */,
				4351D0D616B4C5DB0039FE88 /* PVTechnologyViewController.h */,
				4351D0D716B4C5DB0039FE88 /* PVTechnologyViewController.m */,
				4351D0FF16B4C71A0039FE88 /* PVTechnologyViewController.xib */,
				4351D0BE16B4C5DB0039FE88 /* Supporting Files */,
			);
			path = PARViewer;
			sourceTree = "<group>";
		};
		4351D0BE16B4C5DB0039FE88 /* Supporting Files */ = {
			isa = PBXGroup;
			children = (
				4351D0BF16B4C5DB0039FE88 /* PARViewer-Info.plist */,
				4351D0C016B4C5DB0039FE88 /* InfoPlist.strings */,
				4351D0C316B4C5DB0039FE88 /* main.m */,
				4351D0C516B4C5DB0039FE88 /* PARViewer-Prefix.pch */,
			);
			name = "Supporting Files";
			sourceTree = "<group>";
		};
		4351D0E816B4C6CA0039FE88 /* Resources */ = {
			isa = PBXGroup;
			children = (
				4351D0E916B4C6CA0039FE88 /* Default-568h@2x.png */,
				4351D0EA16B4C6CA0039FE88 /* Default.png */,
				4351D0EB16B4C6CA0039FE88 /* Default@2x.png */,
				4351D10816B4C9670039FE88 /* tab_nearby.png */,
				4351D10916B4C9670039FE88 /* tab_nearby@2x.png */,
				4351D10A16B4C9670039FE88 /* tab_search.png */,
				4351D10B16B4C9670039FE88 /* tab_search@2x.png */,
				4351D10C16B4C9670039FE88 /* tab_tech.png */,
				4351D10D16B4C9670039FE88 /* tab_tech@2x.png */,
				4351D10E16B4C9670039FE88 /* tab_trending.png */,
				4351D10F16B4C9670039FE88 /* tab_trending@2x.png */,
			);
			path = Resources;
			sourceTree = "<group>";
		};
		4351D11F16B4CDDA0039FE88 /* AFNetworking */ = {
			isa = PBXGroup;
			children = (
				4351D12016B4CDDA0039FE88 /* AFHTTPClient.h */,
				4351D12116B4CDDA0039FE88 /* AFHTTPClient.m */,
				4351D12216B4CDDA0039FE88 /* AFHTTPRequestOperation.h */,
				4351D12316B4CDDA0039FE88 /* AFHTTPRequestOperation.m */,
				4351D12416B4CDDA0039FE88 /* AFImageRequestOperation.h */,
				4351D12516B4CDDA0039FE88 /* AFImageRequestOperation.m */,
				4351D12616B4CDDA0039FE88 /* AFJSONRequestOperation.h */,
				4351D12716B4CDDA0039FE88 /* AFJSONRequestOperation.m */,
				4351D12816B4CDDA0039FE88 /* AFNetworkActivityIndicatorManager.h */,
				4351D12916B4CDDA0039FE88 /* AFNetworkActivityIndicatorManager.m */,
				4351D12A16B4CDDA0039FE88 /* AFNetworking.h */,
				4351D12B16B4CDDA0039FE88 /* AFPropertyListRequestOperation.h */,
				4351D12C16B4CDDA0039FE88 /* AFPropertyListRequestOperation.m */,
				4351D12D16B4CDDA0039FE88 /* AFURLConnectionOperation.h */,
				4351D12E16B4CDDA0039FE88 /* AFURLConnectionOperation.m */,
				4351D12F16B4CDDA0039FE88 /* AFXMLRequestOperation.h */,
				4351D13016B4CDDA0039FE88 /* AFXMLRequestOperation.m */,
				4351D13116B4CDDA0039FE88 /* UIImageView+AFNetworking.h */,
				4351D13216B4CDDA0039FE88 /* UIImageView+AFNetworking.m */,
			);
			name = AFNetworking;
			path = Submodules/AFNetworking/AFNetworking;
			sourceTree = "<group>";
		};
		4351D13C16B4CDEF0039FE88 /* Model */ = {
			isa = PBXGroup;
			children = (
				4351D11C16B4CBDF0039FE88 /* PVAPIConnector.h */,
				4351D11D16B4CBDF0039FE88 /* PVAPIConnector.m */,
			);
			name = Model;
			sourceTree = "<group>";
		};
/* End PBXGroup section */

/* Begin PBXNativeTarget section */
		4351D0B216B4C5DB0039FE88 /* PARViewer */ = {
			isa = PBXNativeTarget;
			buildConfigurationList = 4351D0E516B4C5DB0039FE88 /* Build configuration list for PBXNativeTarget "PARViewer" */;
			buildPhases = (
				4351D0AF16B4C5DB0039FE88 /* Sources */,
				4351D0B016B4C5DB0039FE88 /* Frameworks */,
				4351D0B116B4C5DB0039FE88 /* Resources */,
			);
			buildRules = (
			);
			dependencies = (
			);
			name = PARViewer;
			productName = PARViewer;
			productReference = 4351D0B316B4C5DB0039FE88 /* PARViewer.app */;
			productType = "com.apple.product-type.application";
		};
/* End PBXNativeTarget section */

/* Begin PBXProject section */
		4351D0AA16B4C5DB0039FE88 /* Project object */ = {
			isa = PBXProject;
			attributes = {
				CLASSPREFIX = PV;
				LastUpgradeCheck = 0450;
				ORGANIZATIONNAME = "Ben Gotow";
			};
			buildConfigurationList = 4351D0AD16B4C5DB0039FE88 /* Build configuration list for PBXProject "PARViewer" */;
			compatibilityVersion = "Xcode 3.2";
			developmentRegion = English;
			hasScannedForEncodings = 0;
			knownRegions = (
				en,
			);
			mainGroup = 4351D0A816B4C5DB0039FE88;
			productRefGroup = 4351D0B416B4C5DB0039FE88 /* Products */;
			projectDirPath = "";
			projectRoot = "";
			targets = (
				4351D0B216B4C5DB0039FE88 /* PARViewer */,
			);
		};
/* End PBXProject section */

/* Begin PBXResourcesBuildPhase section */
		4351D0B116B4C5DB0039FE88 /* Resources */ = {
			isa = PBXResourcesBuildPhase;
			buildActionMask = 2147483647;
			files = (
				4351D0C216B4C5DB0039FE88 /* InfoPlist.strings in Resources */,
				4351D0F016B4C6CA0039FE88 /* Default-568h@2x.png in Resources */,
				4351D0F116B4C6CA0039FE88 /* Default.png in Resources */,
				4351D0F216B4C6CA0039FE88 /* Default@2x.png in Resources */,
				4351D0FE16B4C70C0039FE88 /* PVSearchViewController.xib in Resources */,
				4351D10116B4C71A0039FE88 /* PVTechnologyViewController.xib in Resources */,
				4351D10216B4C71A0039FE88 /* PVTrendingSitesController.xib in Resources */,
				4351D10716B4C7470039FE88 /* PVNearbySitesViewController.xib in Resources */,
				4351D11016B4C9670039FE88 /* tab_nearby.png in Resources */,
				4351D11116B4C9670039FE88 /* tab_nearby@2x.png in Resources */,
				4351D11216B4C9670039FE88 /* tab_search.png in Resources */,
				4351D11316B4C9670039FE88 /* tab_search@2x.png in Resources */,
				4351D11416B4C9670039FE88 /* tab_tech.png in Resources */,
				4351D11516B4C9670039FE88 /* tab_tech@2x.png in Resources */,
				4351D11616B4C9670039FE88 /* tab_trending.png in Resources */,
				4351D11716B4C9670039FE88 /* tab_trending@2x.png in Resources */,
			);
			runOnlyForDeploymentPostprocessing = 0;
		};
/* End PBXResourcesBuildPhase section */

/* Begin PBXSourcesBuildPhase section */
		4351D0AF16B4C5DB0039FE88 /* Sources */ = {
			isa = PBXSourcesBuildPhase;
			buildActionMask = 2147483647;
			files = (
				4351D0C416B4C5DB0039FE88 /* main.m in Sources */,
				4351D0C816B4C5DB0039FE88 /* PVAppDelegate.m in Sources */,
				4351D0D116B4C5DB0039FE88 /* PVTrendingSitesController.m in Sources */,
				4351D0D816B4C5DB0039FE88 /* PVTechnologyViewController.m in Sources */,
				4351D0FD16B4C70C0039FE88 /* PVSearchViewController.m in Sources */,
				4351D10616B4C7470039FE88 /* PVNearbySitesViewController.m in Sources */,
				4351D11E16B4CBDF0039FE88 /* PVAPIConnector.m in Sources */,
				4351D13316B4CDDA0039FE88 /* AFHTTPClient.m in Sources */,
				4351D13416B4CDDA0039FE88 /* AFHTTPRequestOperation.m in Sources */,
				4351D13516B4CDDA0039FE88 /* AFImageRequestOperation.m in Sources */,
				4351D13616B4CDDA0039FE88 /* AFJSONRequestOperation.m in Sources */,
				4351D13716B4CDDA0039FE88 /* AFNetworkActivityIndicatorManager.m in Sources */,
				4351D13816B4CDDA0039FE88 /* AFPropertyListRequestOperation.m in Sources */,
				4351D13916B4CDDA0039FE88 /* AFURLConnectionOperation.m in Sources */,
				4351D13A16B4CDDA0039FE88 /* AFXMLRequestOperation.m in Sources */,
				4351D13B16B4CDDA0039FE88 /* UIImageView+AFNetworking.m in Sources */,
			);
			runOnlyForDeploymentPostprocessing = 0;
		};
/* End PBXSourcesBuildPhase section */

/* Begin PBXVariantGroup section */
		4351D0C016B4C5DB0039FE88 /* InfoPlist.strings */ = {
			isa = PBXVariantGroup;
			children = (
				4351D0C116B4C5DB0039FE88 /* en */,
			);
			name = InfoPlist.strings;
			sourceTree = "<group>";
		};
/* End PBXVariantGroup section */

/* Begin XCBuildConfiguration section */
		4351D0E316B4C5DB0039FE88 /* Debug */ = {
			isa = XCBuildConfiguration;
			buildSettings = {
				ALWAYS_SEARCH_USER_PATHS = NO;
				CLANG_CXX_LANGUAGE_STANDARD = "gnu++0x";
				CLANG_CXX_LIBRARY = "libc++";
				CLANG_ENABLE_OBJC_ARC = YES;
				CLANG_WARN_EMPTY_BODY = YES;
				CLANG_WARN__DUPLICATE_METHOD_MATCH = YES;
				"CODE_SIGN_IDENTITY[sdk=iphoneos*]" = "iPhone Developer";
				COPY_PHASE_STRIP = NO;
				GCC_C_LANGUAGE_STANDARD = gnu99;
				GCC_DYNAMIC_NO_PIC = NO;
				GCC_OPTIMIZATION_LEVEL = 0;
				GCC_PREPROCESSOR_DEFINITIONS = (
					"DEBUG=1",
					"$(inherited)",
				);
				GCC_SYMBOLS_PRIVATE_EXTERN = NO;
				GCC_WARN_ABOUT_RETURN_TYPE = YES;
				GCC_WARN_UNINITIALIZED_AUTOS = YES;
				GCC_WARN_UNUSED_VARIABLE = YES;
				IPHONEOS_DEPLOYMENT_TARGET = 6.0;
				ONLY_ACTIVE_ARCH = YES;
				SDKROOT = iphoneos;
			};
			name = Debug;
		};
		4351D0E416B4C5DB0039FE88 /* Release */ = {
			isa = XCBuildConfiguration;
			buildSettings = {
				ALWAYS_SEARCH_USER_PATHS = NO;
				CLANG_CXX_LANGUAGE_STANDARD = "gnu++0x";
				CLANG_CXX_LIBRARY = "libc++";
				CLANG_ENABLE_OBJC_ARC = YES;
				CLANG_WARN_EMPTY_BODY = YES;
				CLANG_WARN__DUPLICATE_METHOD_MATCH = YES;
				"CODE_SIGN_IDENTITY[sdk=iphoneos*]" = "iPhone Developer";
				COPY_PHASE_STRIP = YES;
				GCC_C_LANGUAGE_STANDARD = gnu99;
				GCC_WARN_ABOUT_RETURN_TYPE = YES;
				GCC_WARN_UNINITIALIZED_AUTOS = YES;
				GCC_WARN_UNUSED_VARIABLE = YES;
				IPHONEOS_DEPLOYMENT_TARGET = 6.0;
				OTHER_CFLAGS = "-DNS_BLOCK_ASSERTIONS=1";
				SDKROOT = iphoneos;
				VALIDATE_PRODUCT = YES;
			};
			name = Release;
		};
		4351D0E616B4C5DB0039FE88 /* Debug */ = {
			isa = XCBuildConfiguration;
			buildSettings = {
				GCC_PRECOMPILE_PREFIX_HEADER = YES;
				GCC_PREFIX_HEADER = "PARViewer/PARViewer-Prefix.pch";
				INFOPLIST_FILE = "PARViewer/PARViewer-Info.plist";
				PRODUCT_NAME = "$(TARGET_NAME)";
				WRAPPER_EXTENSION = app;
			};
			name = Debug;
		};
		4351D0E716B4C5DB0039FE88 /* Release */ = {
			isa = XCBuildConfiguration;
			buildSettings = {
				GCC_PRECOMPILE_PREFIX_HEADER = YES;
				GCC_PREFIX_HEADER = "PARViewer/PARViewer-Prefix.pch";
				INFOPLIST_FILE = "PARViewer/PARViewer-Info.plist";
				PRODUCT_NAME = "$(TARGET_NAME)";
				WRAPPER_EXTENSION = app;
			};
			name = Release;
		};
/* End XCBuildConfiguration section */

/* Begin XCConfigurationList section */
		4351D0AD16B4C5DB0039FE88 /* Build configuration list for PBXProject "PARViewer" */ = {
			isa = XCConfigurationList;
			buildConfigurations = (
				4351D0E316B4C5DB0039FE88 /* Debug */,
				4351D0E416B4C5DB0039FE88 /* Release */,
			);
			defaultConfigurationIsVisible = 0;
			defaultConfigurationName = Release;
		};
		4351D0E516B4C5DB0039FE88 /* Build configuration list for PBXNativeTarget "PARViewer" */ = {
			isa = XCConfigurationList;
			buildConfigurations = (
				4351D0E616B4C5DB0039FE88 /* Debug */,
				4351D0E716B4C5DB0039FE88 /* Release */,
			);
			defaultConfigurationIsVisible = 0;
		};
/* End XCConfigurationList section */
	};
	rootObject = 4351D0AA16B4C5DB0039FE88 /* Project object */;
}
