// !$*UTF8*$!
{
	archiveVersion = 1;
	classes = {
	};
	objectVersion = 46;
	objects = {

/* Begin PBXBuildFile section */
		A00EC55516251AB70047A8E9 /* UILabel+Loading.m in Sources */ = {isa = PBXBuildFile; fileRef = A00EC55416251AB70047A8E9 /* UILabel+Loading.m */; };
		A00EC559162521E10047A8E9 /* CATextLayer+Loading.m in Sources */ = {isa = PBXBuildFile; fileRef = A00EC558162521E10047A8E9 /* CATextLayer+Loading.m */; };
		A021498B16191E9400B74C39 /* UIKit.framework in Frameworks */ = {isa = PBXBuildFile; fileRef = A021498A16191E9400B74C39 /* UIKit.framework */; };
		A021498D16191E9400B74C39 /* Foundation.framework in Frameworks */ = {isa = PBXBuildFile; fileRef = A021498C16191E9400B74C39 /* Foundation.framework */; };
		A021498F16191E9400B74C39 /* CoreGraphics.framework in Frameworks */ = {isa = PBXBuildFile; fileRef = A021498E16191E9400B74C39 /* CoreGraphics.framework */; };
		A021499516191E9400B74C39 /* InfoPlist.strings in Resources */ = {isa = PBXBuildFile; fileRef = A021499316191E9400B74C39 /* InfoPlist.strings */; };
		A021499716191E9400B74C39 /* main.m in Sources */ = {isa = PBXBuildFile; fileRef = A021499616191E9400B74C39 /* main.m */; };
		A021499B16191E9400B74C39 /* SIAppDelegate.m in Sources */ = {isa = PBXBuildFile; fileRef = A021499A16191E9400B74C39 /* SIAppDelegate.m */; };
		A021499D16191E9400B74C39 /* Default.png in Resources */ = {isa = PBXBuildFile; fileRef = A021499C16191E9400B74C39 /* Default.png */; };
		A021499F16191E9400B74C39 /* Default@2x.png in Resources */ = {isa = PBXBuildFile; fileRef = A021499E16191E9400B74C39 /* Default@2x.png */; };
		A02149A116191E9400B74C39 /* Default-568h@2x.png in Resources */ = {isa = PBXBuildFile; fileRef = A02149A016191E9400B74C39 /* Default-568h@2x.png */; };
		A02149A416191E9400B74C39 /* SIViewController.m in Sources */ = {isa = PBXBuildFile; fileRef = A02149A316191E9400B74C39 /* SIViewController.m */; };
		A02149A716191E9400B74C39 /* SIViewController.xib in Resources */ = {isa = PBXBuildFile; fileRef = A02149A516191E9400B74C39 /* SIViewController.xib */; };
		A0EA8CBC1622705900BDACD8 /* UIImageView+AnimationAdditions.m in Sources */ = {isa = PBXBuildFile; fileRef = A0EA8CBA16226F4C00BDACD8 /* UIImageView+AnimationAdditions.m */; };
		A0EA8CBD1622719900BDACD8 /* scanline_1.png in Resources */ = {isa = PBXBuildFile; fileRef = A0EA8CB416226F4C00BDACD8 /* scanline_1.png */; };
		A0EA8CBE1622719900BDACD8 /* scanline_2.png in Resources */ = {isa = PBXBuildFile; fileRef = A0EA8CB516226F4C00BDACD8 /* scanline_2.png */; };
		A0EA8CBF1622719900BDACD8 /* scanline_3.png in Resources */ = {isa = PBXBuildFile; fileRef = A0EA8CB616226F4C00BDACD8 /* scanline_3.png */; };
		A0EA8CC01622719900BDACD8 /* scanline_4.png in Resources */ = {isa = PBXBuildFile; fileRef = A0EA8CB716226F4C00BDACD8 /* scanline_4.png */; };
		A0EA8CC11622719900BDACD8 /* scanline_5.png in Resources */ = {isa = PBXBuildFile; fileRef = A0EA8CB816226F4C00BDACD8 /* scanline_5.png */; };
		A0EA8CC81623CBE100BDACD8 /* SIUtil.m in Sources */ = {isa = PBXBuildFile; fileRef = A0EA8CC71623CBE100BDACD8 /* SIUtil.m */; };
		A0FBF7E216192FCC0052EAC6 /* QuartzCore.framework in Frameworks */ = {isa = PBXBuildFile; fileRef = A0FBF7E116192FCC0052EAC6 /* QuartzCore.framework */; };
		A0FBF84A1619318C0052EAC6 /* AROverlayAnimation.m in Sources */ = {isa = PBXBuildFile; fileRef = A0FBF7F21619318C0052EAC6 /* AROverlayAnimation.m */; };
		A0FBF84B1619318C0052EAC6 /* ARManager.m in Sources */ = {isa = PBXBuildFile; fileRef = A0FBF7F51619318C0052EAC6 /* ARManager.m */; };
		A0FBF84C1619318C0052EAC6 /* AROverlayUtil.m in Sources */ = {isa = PBXBuildFile; fileRef = A0FBF7F71619318C0052EAC6 /* AROverlayUtil.m */; };
		A0FBF84D1619318C0052EAC6 /* ASIHTTPRequest+JSONAdditions.m in Sources */ = {isa = PBXBuildFile; fileRef = A0FBF7FA1619318C0052EAC6 /* ASIHTTPRequest+JSONAdditions.m */; settings = {COMPILER_FLAGS = "-fno-objc-arc"; }; };
		A0FBF84E1619318C0052EAC6 /* UIViewAdditions.m in Sources */ = {isa = PBXBuildFile; fileRef = A0FBF7FC1619318C0052EAC6 /* UIViewAdditions.m */; settings = {COMPILER_FLAGS = "-fno-objc-arc"; }; };
		A0FBF84F1619318C0052EAC6 /* ARPhotoViewController.m in Sources */ = {isa = PBXBuildFile; fileRef = A0FBF7FF1619318C0052EAC6 /* ARPhotoViewController.m */; settings = {COMPILER_FLAGS = "-fno-objc-arc"; }; };
		A0FBF8501619318C0052EAC6 /* ARPhotoViewController.xib in Resources */ = {isa = PBXBuildFile; fileRef = A0FBF8001619318C0052EAC6 /* ARPhotoViewController.xib */; };
		A0FBF8511619318C0052EAC6 /* ASIAuthenticationDialog.m in Sources */ = {isa = PBXBuildFile; fileRef = A0FBF8061619318C0052EAC6 /* ASIAuthenticationDialog.m */; settings = {COMPILER_FLAGS = "-fno-objc-arc"; }; };
		A0FBF8521619318C0052EAC6 /* ASIDataCompressor.m in Sources */ = {isa = PBXBuildFile; fileRef = A0FBF8091619318C0052EAC6 /* ASIDataCompressor.m */; settings = {COMPILER_FLAGS = "-fno-objc-arc"; }; };
		A0FBF8531619318C0052EAC6 /* ASIDataDecompressor.m in Sources */ = {isa = PBXBuildFile; fileRef = A0FBF80B1619318C0052EAC6 /* ASIDataDecompressor.m */; settings = {COMPILER_FLAGS = "-fno-objc-arc"; }; };
		A0FBF8541619318C0052EAC6 /* ASIDownloadCache.m in Sources */ = {isa = PBXBuildFile; fileRef = A0FBF80D1619318C0052EAC6 /* ASIDownloadCache.m */; settings = {COMPILER_FLAGS = "-fno-objc-arc"; }; };
		A0FBF8551619318C0052EAC6 /* ASIFormDataRequest.m in Sources */ = {isa = PBXBuildFile; fileRef = A0FBF80F1619318C0052EAC6 /* ASIFormDataRequest.m */; settings = {COMPILER_FLAGS = "-fno-objc-arc"; }; };
		A0FBF8561619318C0052EAC6 /* ASIHTTPRequest.m in Sources */ = {isa = PBXBuildFile; fileRef = A0FBF8111619318C0052EAC6 /* ASIHTTPRequest.m */; settings = {COMPILER_FLAGS = "-fno-objc-arc"; }; };
		A0FBF8571619318C0052EAC6 /* ASIInputStream.m in Sources */ = {isa = PBXBuildFile; fileRef = A0FBF8151619318C0052EAC6 /* ASIInputStream.m */; settings = {COMPILER_FLAGS = "-fno-objc-arc"; }; };
		A0FBF8581619318C0052EAC6 /* ASINetworkQueue.m in Sources */ = {isa = PBXBuildFile; fileRef = A0FBF8171619318C0052EAC6 /* ASINetworkQueue.m */; settings = {COMPILER_FLAGS = "-fno-objc-arc"; }; };
		A0FBF8591619318C0052EAC6 /* ASIOARequest.m in Sources */ = {isa = PBXBuildFile; fileRef = A0FBF81B1619318C0052EAC6 /* ASIOARequest.m */; settings = {COMPILER_FLAGS = "-fno-objc-arc"; }; };
		A0FBF85A1619318C0052EAC6 /* ASIOAuthParameter.m in Sources */ = {isa = PBXBuildFile; fileRef = A0FBF81D1619318C0052EAC6 /* ASIOAuthParameter.m */; settings = {COMPILER_FLAGS = "-fno-objc-arc"; }; };
		A0FBF85B1619318C0052EAC6 /* README-GHUnit in Resources */ = {isa = PBXBuildFile; fileRef = A0FBF8201619318C0052EAC6 /* README-GHUnit */; };
		A0FBF85C1619318C0052EAC6 /* Reachability.m in Sources */ = {isa = PBXBuildFile; fileRef = A0FBF8231619318C0052EAC6 /* Reachability.m */; settings = {COMPILER_FLAGS = "-fno-objc-arc"; }; };
		A0FBF85D1619318C0052EAC6 /* NSObject+SBJSON.m in Sources */ = {isa = PBXBuildFile; fileRef = A0FBF8271619318C0052EAC6 /* NSObject+SBJSON.m */; settings = {COMPILER_FLAGS = "-fno-objc-arc"; }; };
		A0FBF85E1619318C0052EAC6 /* NSString+SBJSON.m in Sources */ = {isa = PBXBuildFile; fileRef = A0FBF8291619318C0052EAC6 /* NSString+SBJSON.m */; settings = {COMPILER_FLAGS = "-fno-objc-arc"; }; };
		A0FBF85F1619318C0052EAC6 /* SBJSON.m in Sources */ = {isa = PBXBuildFile; fileRef = A0FBF82B1619318C0052EAC6 /* SBJSON.m */; settings = {COMPILER_FLAGS = "-fno-objc-arc"; }; };
		A0FBF8601619318C0052EAC6 /* SBJsonBase.m in Sources */ = {isa = PBXBuildFile; fileRef = A0FBF82D1619318C0052EAC6 /* SBJsonBase.m */; settings = {COMPILER_FLAGS = "-fno-objc-arc"; }; };
		A0FBF8611619318C0052EAC6 /* SBJsonParser.m in Sources */ = {isa = PBXBuildFile; fileRef = A0FBF82F1619318C0052EAC6 /* SBJsonParser.m */; settings = {COMPILER_FLAGS = "-fno-objc-arc"; }; };
		A0FBF8621619318C0052EAC6 /* SBJsonWriter.m in Sources */ = {isa = PBXBuildFile; fileRef = A0FBF8311619318C0052EAC6 /* SBJsonWriter.m */; settings = {COMPILER_FLAGS = "-fno-objc-arc"; }; };
		A0FBF8631619318C0052EAC6 /* ARAugmentedPhoto.m in Sources */ = {isa = PBXBuildFile; fileRef = A0FBF8341619318C0052EAC6 /* ARAugmentedPhoto.m */; };
		A0FBF8641619318C0052EAC6 /* AROverlay.m in Sources */ = {isa = PBXBuildFile; fileRef = A0FBF8361619318C0052EAC6 /* AROverlay.m */; };
		A0FBF8651619318C0052EAC6 /* AROverlayPoint.m in Sources */ = {isa = PBXBuildFile; fileRef = A0FBF8381619318C0052EAC6 /* AROverlayPoint.m */; };
		A0FBF8661619318C0052EAC6 /* ARSite.m in Sources */ = {isa = PBXBuildFile; fileRef = A0FBF83A1619318C0052EAC6 /* ARSite.m */; };
		A0FBF8671619318C0052EAC6 /* ARSiteImage.m in Sources */ = {isa = PBXBuildFile; fileRef = A0FBF83C1619318C0052EAC6 /* ARSiteImage.m */; };
		A0FBF8681619318C0052EAC6 /* ARSiteOverlayPoint.m in Sources */ = {isa = PBXBuildFile; fileRef = A0FBF83E1619318C0052EAC6 /* ARSiteOverlayPoint.m */; };
		A0FBF8691619318C0052EAC6 /* ARAugmentedView.m in Sources */ = {isa = PBXBuildFile; fileRef = A0FBF8411619318C0052EAC6 /* ARAugmentedView.m */; };
		A0FBF86A1619318C0052EAC6 /* AROverlayView.m in Sources */ = {isa = PBXBuildFile; fileRef = A0FBF8431619318C0052EAC6 /* AROverlayView.m */; };
		A0FBF86B1619318C0052EAC6 /* CachedImageView.m in Sources */ = {isa = PBXBuildFile; fileRef = A0FBF8451619318C0052EAC6 /* CachedImageView.m */; };
		A0FBF86C1619318C0052EAC6 /* GridCellView.m in Sources */ = {isa = PBXBuildFile; fileRef = A0FBF8471619318C0052EAC6 /* GridCellView.m */; };
		A0FBF86D1619318C0052EAC6 /* GridView.m in Sources */ = {isa = PBXBuildFile; fileRef = A0FBF8491619318C0052EAC6 /* GridView.m */; };
		A0FBF86F1619320F0052EAC6 /* CoreLocation.framework in Frameworks */ = {isa = PBXBuildFile; fileRef = A0FBF86E1619320F0052EAC6 /* CoreLocation.framework */; };
		A0FBF871161932440052EAC6 /* CoreFoundation.framework in Frameworks */ = {isa = PBXBuildFile; fileRef = A0FBF870161932440052EAC6 /* CoreFoundation.framework */; };
		A0FBF8731619324D0052EAC6 /* MobileCoreServices.framework in Frameworks */ = {isa = PBXBuildFile; fileRef = A0FBF8721619324D0052EAC6 /* MobileCoreServices.framework */; };
		A0FBF875161932520052EAC6 /* libz.dylib in Frameworks */ = {isa = PBXBuildFile; fileRef = A0FBF874161932520052EAC6 /* libz.dylib */; };
		A0FBF877161932590052EAC6 /* SystemConfiguration.framework in Frameworks */ = {isa = PBXBuildFile; fileRef = A0FBF876161932590052EAC6 /* SystemConfiguration.framework */; };
		A0FBF8791619325F0052EAC6 /* CFNetwork.framework in Frameworks */ = {isa = PBXBuildFile; fileRef = A0FBF8781619325F0052EAC6 /* CFNetwork.framework */; };
		A0FBF87B1619365F0052EAC6 /* test_si_img.jpg in Resources */ = {isa = PBXBuildFile; fileRef = A0FBF87A1619365F0052EAC6 /* test_si_img.jpg */; };
/* End PBXBuildFile section */

/* Begin PBXFileReference section */
		A00EC55316251AB70047A8E9 /* UILabel+Loading.h */ = {isa = PBXFileReference; fileEncoding = 4; lastKnownFileType = sourcecode.c.h; path = "UILabel+Loading.h"; sourceTree = "<group>"; };
		A00EC55416251AB70047A8E9 /* UILabel+Loading.m */ = {isa = PBXFileReference; fileEncoding = 4; lastKnownFileType = sourcecode.c.objc; path = "UILabel+Loading.m"; sourceTree = "<group>"; };
		A00EC557162521E10047A8E9 /* CATextLayer+Loading.h */ = {isa = PBXFileReference; fileEncoding = 4; lastKnownFileType = sourcecode.c.h; path = "CATextLayer+Loading.h"; sourceTree = "<group>"; };
		A00EC558162521E10047A8E9 /* CATextLayer+Loading.m */ = {isa = PBXFileReference; fileEncoding = 4; lastKnownFileType = sourcecode.c.objc; path = "CATextLayer+Loading.m"; sourceTree = "<group>"; };
		A021498616191E9400B74C39 /* SIDemo.app */ = {isa = PBXFileReference; explicitFileType = wrapper.application; includeInIndex = 0; path = SIDemo.app; sourceTree = BUILT_PRODUCTS_DIR; };
		A021498A16191E9400B74C39 /* UIKit.framework */ = {isa = PBXFileReference; lastKnownFileType = wrapper.framework; name = UIKit.framework; path = System/Library/Frameworks/UIKit.framework; sourceTree = SDKROOT; };
		A021498C16191E9400B74C39 /* Foundation.framework */ = {isa = PBXFileReference; lastKnownFileType = wrapper.framework; name = Foundation.framework; path = System/Library/Frameworks/Foundation.framework; sourceTree = SDKROOT; };
		A021498E16191E9400B74C39 /* CoreGraphics.framework */ = {isa = PBXFileReference; lastKnownFileType = wrapper.framework; name = CoreGraphics.framework; path = System/Library/Frameworks/CoreGraphics.framework; sourceTree = SDKROOT; };
		A021499216191E9400B74C39 /* SIDemo-Info.plist */ = {isa = PBXFileReference; lastKnownFileType = text.plist.xml; path = "SIDemo-Info.plist"; sourceTree = "<group>"; };
		A021499416191E9400B74C39 /* en */ = {isa = PBXFileReference; lastKnownFileType = text.plist.strings; name = en; path = en.lproj/InfoPlist.strings; sourceTree = "<group>"; };
		A021499616191E9400B74C39 /* main.m */ = {isa = PBXFileReference; lastKnownFileType = sourcecode.c.objc; path = main.m; sourceTree = "<group>"; };
		A021499816191E9400B74C39 /* SIDemo-Prefix.pch */ = {isa = PBXFileReference; lastKnownFileType = sourcecode.c.h; path = "SIDemo-Prefix.pch"; sourceTree = "<group>"; };
		A021499916191E9400B74C39 /* SIAppDelegate.h */ = {isa = PBXFileReference; lastKnownFileType = sourcecode.c.h; path = SIAppDelegate.h; sourceTree = "<group>"; };
		A021499A16191E9400B74C39 /* SIAppDelegate.m */ = {isa = PBXFileReference; lastKnownFileType = sourcecode.c.objc; path = SIAppDelegate.m; sourceTree = "<group>"; };
		A021499C16191E9400B74C39 /* Default.png */ = {isa = PBXFileReference; lastKnownFileType = image.png; path = Default.png; sourceTree = "<group>"; };
		A021499E16191E9400B74C39 /* Default@2x.png */ = {isa = PBXFileReference; lastKnownFileType = image.png; path = "Default@2x.png"; sourceTree = "<group>"; };
		A02149A016191E9400B74C39 /* Default-568h@2x.png */ = {isa = PBXFileReference; lastKnownFileType = image.png; path = "Default-568h@2x.png"; sourceTree = "<group>"; };
		A02149A216191E9400B74C39 /* SIViewController.h */ = {isa = PBXFileReference; lastKnownFileType = sourcecode.c.h; path = SIViewController.h; sourceTree = "<group>"; };
		A02149A316191E9400B74C39 /* SIViewController.m */ = {isa = PBXFileReference; lastKnownFileType = sourcecode.c.objc; path = SIViewController.m; sourceTree = "<group>"; };
		A02149A616191E9400B74C39 /* en */ = {isa = PBXFileReference; lastKnownFileType = file.xib; name = en; path = en.lproj/SIViewController.xib; sourceTree = "<group>"; };
		A0EA8CB416226F4C00BDACD8 /* scanline_1.png */ = {isa = PBXFileReference; lastKnownFileType = image.png; path = scanline_1.png; sourceTree = "<group>"; };
		A0EA8CB516226F4C00BDACD8 /* scanline_2.png */ = {isa = PBXFileReference; lastKnownFileType = image.png; path = scanline_2.png; sourceTree = "<group>"; };
		A0EA8CB616226F4C00BDACD8 /* scanline_3.png */ = {isa = PBXFileReference; lastKnownFileType = image.png; path = scanline_3.png; sourceTree = "<group>"; };
		A0EA8CB716226F4C00BDACD8 /* scanline_4.png */ = {isa = PBXFileReference; lastKnownFileType = image.png; path = scanline_4.png; sourceTree = "<group>"; };
		A0EA8CB816226F4C00BDACD8 /* scanline_5.png */ = {isa = PBXFileReference; lastKnownFileType = image.png; path = scanline_5.png; sourceTree = "<group>"; };
		A0EA8CB916226F4C00BDACD8 /* UIImageView+AnimationAdditions.h */ = {isa = PBXFileReference; lastKnownFileType = sourcecode.c.h; path = "UIImageView+AnimationAdditions.h"; sourceTree = "<group>"; };
		A0EA8CBA16226F4C00BDACD8 /* UIImageView+AnimationAdditions.m */ = {isa = PBXFileReference; lastKnownFileType = sourcecode.c.objc; path = "UIImageView+AnimationAdditions.m"; sourceTree = "<group>"; };
		A0EA8CC61623CBE100BDACD8 /* SIUtil.h */ = {isa = PBXFileReference; fileEncoding = 4; lastKnownFileType = sourcecode.c.h; path = SIUtil.h; sourceTree = "<group>"; };
		A0EA8CC71623CBE100BDACD8 /* SIUtil.m */ = {isa = PBXFileReference; fileEncoding = 4; lastKnownFileType = sourcecode.c.objc; path = SIUtil.m; sourceTree = "<group>"; };
		A0FBF7E116192FCC0052EAC6 /* QuartzCore.framework */ = {isa = PBXFileReference; lastKnownFileType = wrapper.framework; name = QuartzCore.framework; path = System/Library/Frameworks/QuartzCore.framework; sourceTree = SDKROOT; };
		A0FBF7F11619318C0052EAC6 /* AROverlayAnimation.h */ = {isa = PBXFileReference; fileEncoding = 4; lastKnownFileType = sourcecode.c.h; path = AROverlayAnimation.h; sourceTree = "<group>"; };
		A0FBF7F21619318C0052EAC6 /* AROverlayAnimation.m */ = {isa = PBXFileReference; fileEncoding = 4; lastKnownFileType = sourcecode.c.objc; path = AROverlayAnimation.m; sourceTree = "<group>"; };
		A0FBF7F31619318C0052EAC6 /* ARConstants.h */ = {isa = PBXFileReference; fileEncoding = 4; lastKnownFileType = sourcecode.c.h; path = ARConstants.h; sourceTree = "<group>"; };
		A0FBF7F41619318C0052EAC6 /* ARManager.h */ = {isa = PBXFileReference; fileEncoding = 4; lastKnownFileType = sourcecode.c.h; path = ARManager.h; sourceTree = "<group>"; };
		A0FBF7F51619318C0052EAC6 /* ARManager.m */ = {isa = PBXFileReference; fileEncoding = 4; lastKnownFileType = sourcecode.c.objc; path = ARManager.m; sourceTree = "<group>"; };
		A0FBF7F61619318C0052EAC6 /* AROverlayUtil.h */ = {isa = PBXFileReference; fileEncoding = 4; lastKnownFileType = sourcecode.c.h; path = AROverlayUtil.h; sourceTree = "<group>"; };
		A0FBF7F71619318C0052EAC6 /* AROverlayUtil.m */ = {isa = PBXFileReference; fileEncoding = 4; lastKnownFileType = sourcecode.c.objc; path = AROverlayUtil.m; sourceTree = "<group>"; };
		A0FBF7F91619318C0052EAC6 /* ASIHTTPRequest+JSONAdditions.h */ = {isa = PBXFileReference; fileEncoding = 4; lastKnownFileType = sourcecode.c.h; path = "ASIHTTPRequest+JSONAdditions.h"; sourceTree = "<group>"; };
		A0FBF7FA1619318C0052EAC6 /* ASIHTTPRequest+JSONAdditions.m */ = {isa = PBXFileReference; fileEncoding = 4; lastKnownFileType = sourcecode.c.objc; path = "ASIHTTPRequest+JSONAdditions.m"; sourceTree = "<group>"; };
		A0FBF7FB1619318C0052EAC6 /* UIViewAdditions.h */ = {isa = PBXFileReference; fileEncoding = 4; lastKnownFileType = sourcecode.c.h; path = UIViewAdditions.h; sourceTree = "<group>"; };
		A0FBF7FC1619318C0052EAC6 /* UIViewAdditions.m */ = {isa = PBXFileReference; fileEncoding = 4; lastKnownFileType = sourcecode.c.objc; path = UIViewAdditions.m; sourceTree = "<group>"; };
		A0FBF7FE1619318C0052EAC6 /* ARPhotoViewController.h */ = {isa = PBXFileReference; fileEncoding = 4; lastKnownFileType = sourcecode.c.h; path = ARPhotoViewController.h; sourceTree = "<group>"; };
		A0FBF7FF1619318C0052EAC6 /* ARPhotoViewController.m */ = {isa = PBXFileReference; fileEncoding = 4; lastKnownFileType = sourcecode.c.objc; path = ARPhotoViewController.m; sourceTree = "<group>"; };
		A0FBF8001619318C0052EAC6 /* ARPhotoViewController.xib */ = {isa = PBXFileReference; fileEncoding = 4; lastKnownFileType = file.xib; path = ARPhotoViewController.xib; sourceTree = "<group>"; };
		A0FBF8011619318C0052EAC6 /* HDAR.h */ = {isa = PBXFileReference; fileEncoding = 4; lastKnownFileType = sourcecode.c.h; path = HDAR.h; sourceTree = "<group>"; };
		A0FBF8051619318C0052EAC6 /* ASIAuthenticationDialog.h */ = {isa = PBXFileReference; fileEncoding = 4; lastKnownFileType = sourcecode.c.h; path = ASIAuthenticationDialog.h; sourceTree = "<group>"; };
		A0FBF8061619318C0052EAC6 /* ASIAuthenticationDialog.m */ = {isa = PBXFileReference; fileEncoding = 4; lastKnownFileType = sourcecode.c.objc; path = ASIAuthenticationDialog.m; sourceTree = "<group>"; };
		A0FBF8071619318C0052EAC6 /* ASICacheDelegate.h */ = {isa = PBXFileReference; fileEncoding = 4; lastKnownFileType = sourcecode.c.h; path = ASICacheDelegate.h; sourceTree = "<group>"; };
		A0FBF8081619318C0052EAC6 /* ASIDataCompressor.h */ = {isa = PBXFileReference; fileEncoding = 4; lastKnownFileType = sourcecode.c.h; path = ASIDataCompressor.h; sourceTree = "<group>"; };
		A0FBF8091619318C0052EAC6 /* ASIDataCompressor.m */ = {isa = PBXFileReference; fileEncoding = 4; lastKnownFileType = sourcecode.c.objc; path = ASIDataCompressor.m; sourceTree = "<group>"; };
		A0FBF80A1619318C0052EAC6 /* ASIDataDecompressor.h */ = {isa = PBXFileReference; fileEncoding = 4; lastKnownFileType = sourcecode.c.h; path = ASIDataDecompressor.h; sourceTree = "<group>"; };
		A0FBF80B1619318C0052EAC6 /* ASIDataDecompressor.m */ = {isa = PBXFileReference; fileEncoding = 4; lastKnownFileType = sourcecode.c.objc; path = ASIDataDecompressor.m; sourceTree = "<group>"; };
		A0FBF80C1619318C0052EAC6 /* ASIDownloadCache.h */ = {isa = PBXFileReference; fileEncoding = 4; lastKnownFileType = sourcecode.c.h; path = ASIDownloadCache.h; sourceTree = "<group>"; };
		A0FBF80D1619318C0052EAC6 /* ASIDownloadCache.m */ = {isa = PBXFileReference; fileEncoding = 4; lastKnownFileType = sourcecode.c.objc; path = ASIDownloadCache.m; sourceTree = "<group>"; };
		A0FBF80E1619318C0052EAC6 /* ASIFormDataRequest.h */ = {isa = PBXFileReference; fileEncoding = 4; lastKnownFileType = sourcecode.c.h; path = ASIFormDataRequest.h; sourceTree = "<group>"; };
		A0FBF80F1619318C0052EAC6 /* ASIFormDataRequest.m */ = {isa = PBXFileReference; fileEncoding = 4; lastKnownFileType = sourcecode.c.objc; path = ASIFormDataRequest.m; sourceTree = "<group>"; };
		A0FBF8101619318C0052EAC6 /* ASIHTTPRequest.h */ = {isa = PBXFileReference; fileEncoding = 4; lastKnownFileType = sourcecode.c.h; path = ASIHTTPRequest.h; sourceTree = "<group>"; };
		A0FBF8111619318C0052EAC6 /* ASIHTTPRequest.m */ = {isa = PBXFileReference; fileEncoding = 4; lastKnownFileType = sourcecode.c.objc; path = ASIHTTPRequest.m; sourceTree = "<group>"; };
		A0FBF8121619318C0052EAC6 /* ASIHTTPRequestConfig.h */ = {isa = PBXFileReference; fileEncoding = 4; lastKnownFileType = sourcecode.c.h; path = ASIHTTPRequestConfig.h; sourceTree = "<group>"; };
		A0FBF8131619318C0052EAC6 /* ASIHTTPRequestDelegate.h */ = {isa = PBXFileReference; fileEncoding = 4; lastKnownFileType = sourcecode.c.h; path = ASIHTTPRequestDelegate.h; sourceTree = "<group>"; };
		A0FBF8141619318C0052EAC6 /* ASIInputStream.h */ = {isa = PBXFileReference; fileEncoding = 4; lastKnownFileType = sourcecode.c.h; path = ASIInputStream.h; sourceTree = "<group>"; };
		A0FBF8151619318C0052EAC6 /* ASIInputStream.m */ = {isa = PBXFileReference; fileEncoding = 4; lastKnownFileType = sourcecode.c.objc; path = ASIInputStream.m; sourceTree = "<group>"; };
		A0FBF8161619318C0052EAC6 /* ASINetworkQueue.h */ = {isa = PBXFileReference; fileEncoding = 4; lastKnownFileType = sourcecode.c.h; path = ASINetworkQueue.h; sourceTree = "<group>"; };
		A0FBF8171619318C0052EAC6 /* ASINetworkQueue.m */ = {isa = PBXFileReference; fileEncoding = 4; lastKnownFileType = sourcecode.c.objc; path = ASINetworkQueue.m; sourceTree = "<group>"; };
		A0FBF8181619318C0052EAC6 /* ASIProgressDelegate.h */ = {isa = PBXFileReference; fileEncoding = 4; lastKnownFileType = sourcecode.c.h; path = ASIProgressDelegate.h; sourceTree = "<group>"; };
		A0FBF81A1619318C0052EAC6 /* ASIOARequest.h */ = {isa = PBXFileReference; fileEncoding = 4; lastKnownFileType = sourcecode.c.h; path = ASIOARequest.h; sourceTree = "<group>"; };
		A0FBF81B1619318C0052EAC6 /* ASIOARequest.m */ = {isa = PBXFileReference; fileEncoding = 4; lastKnownFileType = sourcecode.c.objc; path = ASIOARequest.m; sourceTree = "<group>"; };
		A0FBF81C1619318C0052EAC6 /* ASIOAuthParameter.h */ = {isa = PBXFileReference; fileEncoding = 4; lastKnownFileType = sourcecode.c.h; path = ASIOAuthParameter.h; sourceTree = "<group>"; };
		A0FBF81D1619318C0052EAC6 /* ASIOAuthParameter.m */ = {isa = PBXFileReference; fileEncoding = 4; lastKnownFileType = sourcecode.c.objc; path = ASIOAuthParameter.m; sourceTree = "<group>"; };
		A0FBF8201619318C0052EAC6 /* README-GHUnit */ = {isa = PBXFileReference; fileEncoding = 4; lastKnownFileType = text; path = "README-GHUnit"; sourceTree = "<group>"; };
		A0FBF8221619318C0052EAC6 /* Reachability.h */ = {isa = PBXFileReference; fileEncoding = 4; lastKnownFileType = sourcecode.c.h; path = Reachability.h; sourceTree = "<group>"; };
		A0FBF8231619318C0052EAC6 /* Reachability.m */ = {isa = PBXFileReference; fileEncoding = 4; lastKnownFileType = sourcecode.c.objc; path = Reachability.m; sourceTree = "<group>"; };
		A0FBF8251619318C0052EAC6 /* JSON.h */ = {isa = PBXFileReference; fileEncoding = 4; lastKnownFileType = sourcecode.c.h; path = JSON.h; sourceTree = "<group>"; };
		A0FBF8261619318C0052EAC6 /* NSObject+SBJSON.h */ = {isa = PBXFileReference; fileEncoding = 4; lastKnownFileType = sourcecode.c.h; path = "NSObject+SBJSON.h"; sourceTree = "<group>"; };
		A0FBF8271619318C0052EAC6 /* NSObject+SBJSON.m */ = {isa = PBXFileReference; fileEncoding = 4; lastKnownFileType = sourcecode.c.objc; path = "NSObject+SBJSON.m"; sourceTree = "<group>"; };
		A0FBF8281619318C0052EAC6 /* NSString+SBJSON.h */ = {isa = PBXFileReference; fileEncoding = 4; lastKnownFileType = sourcecode.c.h; path = "NSString+SBJSON.h"; sourceTree = "<group>"; };
		A0FBF8291619318C0052EAC6 /* NSString+SBJSON.m */ = {isa = PBXFileReference; fileEncoding = 4; lastKnownFileType = sourcecode.c.objc; path = "NSString+SBJSON.m"; sourceTree = "<group>"; };
		A0FBF82A1619318C0052EAC6 /* SBJSON.h */ = {isa = PBXFileReference; fileEncoding = 4; lastKnownFileType = sourcecode.c.h; path = SBJSON.h; sourceTree = "<group>"; };
		A0FBF82B1619318C0052EAC6 /* SBJSON.m */ = {isa = PBXFileReference; fileEncoding = 4; lastKnownFileType = sourcecode.c.objc; path = SBJSON.m; sourceTree = "<group>"; };
		A0FBF82C1619318C0052EAC6 /* SBJsonBase.h */ = {isa = PBXFileReference; fileEncoding = 4; lastKnownFileType = sourcecode.c.h; path = SBJsonBase.h; sourceTree = "<group>"; };
		A0FBF82D1619318C0052EAC6 /* SBJsonBase.m */ = {isa = PBXFileReference; fileEncoding = 4; lastKnownFileType = sourcecode.c.objc; path = SBJsonBase.m; sourceTree = "<group>"; };
		A0FBF82E1619318C0052EAC6 /* SBJsonParser.h */ = {isa = PBXFileReference; fileEncoding = 4; lastKnownFileType = sourcecode.c.h; path = SBJsonParser.h; sourceTree = "<group>"; };
		A0FBF82F1619318C0052EAC6 /* SBJsonParser.m */ = {isa = PBXFileReference; fileEncoding = 4; lastKnownFileType = sourcecode.c.objc; path = SBJsonParser.m; sourceTree = "<group>"; };
		A0FBF8301619318C0052EAC6 /* SBJsonWriter.h */ = {isa = PBXFileReference; fileEncoding = 4; lastKnownFileType = sourcecode.c.h; path = SBJsonWriter.h; sourceTree = "<group>"; };
		A0FBF8311619318C0052EAC6 /* SBJsonWriter.m */ = {isa = PBXFileReference; fileEncoding = 4; lastKnownFileType = sourcecode.c.objc; path = SBJsonWriter.m; sourceTree = "<group>"; };
		A0FBF8331619318C0052EAC6 /* ARAugmentedPhoto.h */ = {isa = PBXFileReference; fileEncoding = 4; lastKnownFileType = sourcecode.c.h; path = ARAugmentedPhoto.h; sourceTree = "<group>"; };
		A0FBF8341619318C0052EAC6 /* ARAugmentedPhoto.m */ = {isa = PBXFileReference; fileEncoding = 4; lastKnownFileType = sourcecode.c.objc; path = ARAugmentedPhoto.m; sourceTree = "<group>"; };
		A0FBF8351619318C0052EAC6 /* AROverlay.h */ = {isa = PBXFileReference; fileEncoding = 4; lastKnownFileType = sourcecode.c.h; path = AROverlay.h; sourceTree = "<group>"; };
		A0FBF8361619318C0052EAC6 /* AROverlay.m */ = {isa = PBXFileReference; fileEncoding = 4; lastKnownFileType = sourcecode.c.objc; path = AROverlay.m; sourceTree = "<group>"; };
		A0FBF8371619318C0052EAC6 /* AROverlayPoint.h */ = {isa = PBXFileReference; fileEncoding = 4; lastKnownFileType = sourcecode.c.h; path = AROverlayPoint.h; sourceTree = "<group>"; };
		A0FBF8381619318C0052EAC6 /* AROverlayPoint.m */ = {isa = PBXFileReference; fileEncoding = 4; lastKnownFileType = sourcecode.c.objc; path = AROverlayPoint.m; sourceTree = "<group>"; };
		A0FBF8391619318C0052EAC6 /* ARSite.h */ = {isa = PBXFileReference; fileEncoding = 4; lastKnownFileType = sourcecode.c.h; path = ARSite.h; sourceTree = "<group>"; };
		A0FBF83A1619318C0052EAC6 /* ARSite.m */ = {isa = PBXFileReference; fileEncoding = 4; lastKnownFileType = sourcecode.c.objc; path = ARSite.m; sourceTree = "<group>"; };
		A0FBF83B1619318C0052EAC6 /* ARSiteImage.h */ = {isa = PBXFileReference; fileEncoding = 4; lastKnownFileType = sourcecode.c.h; path = ARSiteImage.h; sourceTree = "<group>"; };
		A0FBF83C1619318C0052EAC6 /* ARSiteImage.m */ = {isa = PBXFileReference; fileEncoding = 4; lastKnownFileType = sourcecode.c.objc; path = ARSiteImage.m; sourceTree = "<group>"; };
		A0FBF83D1619318C0052EAC6 /* ARSiteOverlayPoint.h */ = {isa = PBXFileReference; fileEncoding = 4; lastKnownFileType = sourcecode.c.h; path = ARSiteOverlayPoint.h; sourceTree = "<group>"; };
		A0FBF83E1619318C0052EAC6 /* ARSiteOverlayPoint.m */ = {isa = PBXFileReference; fileEncoding = 4; lastKnownFileType = sourcecode.c.objc; path = ARSiteOverlayPoint.m; sourceTree = "<group>"; };
		A0FBF8401619318C0052EAC6 /* ARAugmentedView.h */ = {isa = PBXFileReference; fileEncoding = 4; lastKnownFileType = sourcecode.c.h; path = ARAugmentedView.h; sourceTree = "<group>"; };
		A0FBF8411619318C0052EAC6 /* ARAugmentedView.m */ = {isa = PBXFileReference; fileEncoding = 4; lastKnownFileType = sourcecode.c.objc; path = ARAugmentedView.m; sourceTree = "<group>"; };
		A0FBF8421619318C0052EAC6 /* AROverlayView.h */ = {isa = PBXFileReference; fileEncoding = 4; lastKnownFileType = sourcecode.c.h; path = AROverlayView.h; sourceTree = "<group>"; };
		A0FBF8431619318C0052EAC6 /* AROverlayView.m */ = {isa = PBXFileReference; fileEncoding = 4; lastKnownFileType = sourcecode.c.objc; path = AROverlayView.m; sourceTree = "<group>"; };
		A0FBF8441619318C0052EAC6 /* CachedImageView.h */ = {isa = PBXFileReference; fileEncoding = 4; lastKnownFileType = sourcecode.c.h; path = CachedImageView.h; sourceTree = "<group>"; };
		A0FBF8451619318C0052EAC6 /* CachedImageView.m */ = {isa = PBXFileReference; fileEncoding = 4; lastKnownFileType = sourcecode.c.objc; path = CachedImageView.m; sourceTree = "<group>"; };
		A0FBF8461619318C0052EAC6 /* GridCellView.h */ = {isa = PBXFileReference; fileEncoding = 4; lastKnownFileType = sourcecode.c.h; path = GridCellView.h; sourceTree = "<group>"; };
		A0FBF8471619318C0052EAC6 /* GridCellView.m */ = {isa = PBXFileReference; fileEncoding = 4; lastKnownFileType = sourcecode.c.objc; path = GridCellView.m; sourceTree = "<group>"; };
		A0FBF8481619318C0052EAC6 /* GridView.h */ = {isa = PBXFileReference; fileEncoding = 4; lastKnownFileType = sourcecode.c.h; path = GridView.h; sourceTree = "<group>"; };
		A0FBF8491619318C0052EAC6 /* GridView.m */ = {isa = PBXFileReference; fileEncoding = 4; lastKnownFileType = sourcecode.c.objc; path = GridView.m; sourceTree = "<group>"; };
		A0FBF86E1619320F0052EAC6 /* CoreLocation.framework */ = {isa = PBXFileReference; lastKnownFileType = wrapper.framework; name = CoreLocation.framework; path = System/Library/Frameworks/CoreLocation.framework; sourceTree = SDKROOT; };
		A0FBF870161932440052EAC6 /* CoreFoundation.framework */ = {isa = PBXFileReference; lastKnownFileType = wrapper.framework; name = CoreFoundation.framework; path = System/Library/Frameworks/CoreFoundation.framework; sourceTree = SDKROOT; };
		A0FBF8721619324D0052EAC6 /* MobileCoreServices.framework */ = {isa = PBXFileReference; lastKnownFileType = wrapper.framework; name = MobileCoreServices.framework; path = System/Library/Frameworks/MobileCoreServices.framework; sourceTree = SDKROOT; };
		A0FBF874161932520052EAC6 /* libz.dylib */ = {isa = PBXFileReference; lastKnownFileType = "compiled.mach-o.dylib"; name = libz.dylib; path = usr/lib/libz.dylib; sourceTree = SDKROOT; };
		A0FBF876161932590052EAC6 /* SystemConfiguration.framework */ = {isa = PBXFileReference; lastKnownFileType = wrapper.framework; name = SystemConfiguration.framework; path = System/Library/Frameworks/SystemConfiguration.framework; sourceTree = SDKROOT; };
		A0FBF8781619325F0052EAC6 /* CFNetwork.framework */ = {isa = PBXFileReference; lastKnownFileType = wrapper.framework; name = CFNetwork.framework; path = System/Library/Frameworks/CFNetwork.framework; sourceTree = SDKROOT; };
		A0FBF87A1619365F0052EAC6 /* test_si_img.jpg */ = {isa = PBXFileReference; lastKnownFileType = image.jpeg; path = test_si_img.jpg; sourceTree = "<group>"; };
/* End PBXFileReference section */

/* Begin PBXFrameworksBuildPhase section */
		A021498316191E9400B74C39 /* Frameworks */ = {
			isa = PBXFrameworksBuildPhase;
			buildActionMask = 2147483647;
			files = (
				A0FBF8791619325F0052EAC6 /* CFNetwork.framework in Frameworks */,
				A0FBF877161932590052EAC6 /* SystemConfiguration.framework in Frameworks */,
				A0FBF875161932520052EAC6 /* libz.dylib in Frameworks */,
				A0FBF8731619324D0052EAC6 /* MobileCoreServices.framework in Frameworks */,
				A0FBF871161932440052EAC6 /* CoreFoundation.framework in Frameworks */,
				A0FBF86F1619320F0052EAC6 /* CoreLocation.framework in Frameworks */,
				A0FBF7E216192FCC0052EAC6 /* QuartzCore.framework in Frameworks */,
				A021498B16191E9400B74C39 /* UIKit.framework in Frameworks */,
				A021498D16191E9400B74C39 /* Foundation.framework in Frameworks */,
				A021498F16191E9400B74C39 /* CoreGraphics.framework in Frameworks */,
			);
			runOnlyForDeploymentPostprocessing = 0;
		};
/* End PBXFrameworksBuildPhase section */

/* Begin PBXGroup section */
		A021497B16191E9400B74C39 = {
			isa = PBXGroup;
			children = (
				A021499016191E9400B74C39 /* SIDemo */,
				A021498916191E9400B74C39 /* Frameworks */,
				A021498716191E9400B74C39 /* Products */,
			);
			sourceTree = "<group>";
		};
		A021498716191E9400B74C39 /* Products */ = {
			isa = PBXGroup;
			children = (
				A021498616191E9400B74C39 /* SIDemo.app */,
			);
			name = Products;
			sourceTree = "<group>";
		};
		A021498916191E9400B74C39 /* Frameworks */ = {
			isa = PBXGroup;
			children = (
				A0FBF8781619325F0052EAC6 /* CFNetwork.framework */,
				A0FBF876161932590052EAC6 /* SystemConfiguration.framework */,
				A0FBF874161932520052EAC6 /* libz.dylib */,
				A0FBF8721619324D0052EAC6 /* MobileCoreServices.framework */,
				A0FBF870161932440052EAC6 /* CoreFoundation.framework */,
				A021498E16191E9400B74C39 /* CoreGraphics.framework */,
				A0FBF86E1619320F0052EAC6 /* CoreLocation.framework */,
				A0FBF7E116192FCC0052EAC6 /* QuartzCore.framework */,
				A021498A16191E9400B74C39 /* UIKit.framework */,
				A021498C16191E9400B74C39 /* Foundation.framework */,
			);
			name = Frameworks;
			sourceTree = "<group>";
		};
		A021499016191E9400B74C39 /* SIDemo */ = {
			isa = PBXGroup;
			children = (
				A0FBF7EF1619318C0052EAC6 /* ARCore */,
				A021499916191E9400B74C39 /* SIAppDelegate.h */,
				A021499A16191E9400B74C39 /* SIAppDelegate.m */,
				A0EA8CC61623CBE100BDACD8 /* SIUtil.h */,
				A0EA8CC71623CBE100BDACD8 /* SIUtil.m */,
				A02149A216191E9400B74C39 /* SIViewController.h */,
				A02149A316191E9400B74C39 /* SIViewController.m */,
				A02149A516191E9400B74C39 /* SIViewController.xib */,
				A0EA8CB416226F4C00BDACD8 /* scanline_1.png */,
				A0EA8CB516226F4C00BDACD8 /* scanline_2.png */,
				A0EA8CB616226F4C00BDACD8 /* scanline_3.png */,
				A0EA8CB716226F4C00BDACD8 /* scanline_4.png */,
				A0EA8CB816226F4C00BDACD8 /* scanline_5.png */,
				A0EA8CB916226F4C00BDACD8 /* UIImageView+AnimationAdditions.h */,
				A0EA8CBA16226F4C00BDACD8 /* UIImageView+AnimationAdditions.m */,
				A021499116191E9400B74C39 /* Supporting Files */,
				A00EC55316251AB70047A8E9 /* UILabel+Loading.h */,
				A00EC55416251AB70047A8E9 /* UILabel+Loading.m */,
				A00EC557162521E10047A8E9 /* CATextLayer+Loading.h */,
				A00EC558162521E10047A8E9 /* CATextLayer+Loading.m */,
			);
			path = SIDemo;
			sourceTree = "<group>";
		};
		A021499116191E9400B74C39 /* Supporting Files */ = {
			isa = PBXGroup;
			children = (
				A0FBF87A1619365F0052EAC6 /* test_si_img.jpg */,
				A021499216191E9400B74C39 /* SIDemo-Info.plist */,
				A021499316191E9400B74C39 /* InfoPlist.strings */,
				A021499616191E9400B74C39 /* main.m */,
				A021499816191E9400B74C39 /* SIDemo-Prefix.pch */,
				A021499C16191E9400B74C39 /* Default.png */,
				A021499E16191E9400B74C39 /* Default@2x.png */,
				A02149A016191E9400B74C39 /* Default-568h@2x.png */,
			);
			name = "Supporting Files";
			sourceTree = "<group>";
		};
		A0FBF7EF1619318C0052EAC6 /* ARCore */ = {
			isa = PBXGroup;
			children = (
				A0FBF7F01619318C0052EAC6 /* Animations */,
				A0FBF7F31619318C0052EAC6 /* ARConstants.h */,
				A0FBF7F41619318C0052EAC6 /* ARManager.h */,
				A0FBF7F51619318C0052EAC6 /* ARManager.m */,
				A0FBF7F61619318C0052EAC6 /* AROverlayUtil.h */,
				A0FBF7F71619318C0052EAC6 /* AROverlayUtil.m */,
				A0FBF7F81619318C0052EAC6 /* Categories */,
				A0FBF7FD1619318C0052EAC6 /* Controllers */,
				A0FBF8011619318C0052EAC6 /* HDAR.h */,
				A0FBF8021619318C0052EAC6 /* Libraries */,
				A0FBF8321619318C0052EAC6 /* Models */,
				A0FBF83F1619318C0052EAC6 /* Views */,
			);
			name = ARCore;
			path = "../../../HD4ARClient-iOS/ARCore";
			sourceTree = "<group>";
		};
		A0FBF7F01619318C0052EAC6 /* Animations */ = {
			isa = PBXGroup;
			children = (
				A0FBF7F11619318C0052EAC6 /* AROverlayAnimation.h */,
				A0FBF7F21619318C0052EAC6 /* AROverlayAnimation.m */,
			);
			path = Animations;
			sourceTree = "<group>";
		};
		A0FBF7F81619318C0052EAC6 /* Categories */ = {
			isa = PBXGroup;
			children = (
				A0FBF7F91619318C0052EAC6 /* ASIHTTPRequest+JSONAdditions.h */,
				A0FBF7FA1619318C0052EAC6 /* ASIHTTPRequest+JSONAdditions.m */,
				A0FBF7FB1619318C0052EAC6 /* UIViewAdditions.h */,
				A0FBF7FC1619318C0052EAC6 /* UIViewAdditions.m */,
			);
			path = Categories;
			sourceTree = "<group>";
		};
		A0FBF7FD1619318C0052EAC6 /* Controllers */ = {
			isa = PBXGroup;
			children = (
				A0FBF7FE1619318C0052EAC6 /* ARPhotoViewController.h */,
				A0FBF7FF1619318C0052EAC6 /* ARPhotoViewController.m */,
				A0FBF8001619318C0052EAC6 /* ARPhotoViewController.xib */,
			);
			path = Controllers;
			sourceTree = "<group>";
		};
		A0FBF8021619318C0052EAC6 /* Libraries */ = {
			isa = PBXGroup;
			children = (
				A0FBF8031619318C0052EAC6 /* ASI */,
				A0FBF8241619318C0052EAC6 /* JSON */,
			);
			path = Libraries;
			sourceTree = "<group>";
		};
		A0FBF8031619318C0052EAC6 /* ASI */ = {
			isa = PBXGroup;
			children = (
				A0FBF8041619318C0052EAC6 /* Classes */,
				A0FBF81E1619318C0052EAC6 /* External */,
			);
			path = ASI;
			sourceTree = "<group>";
		};
		A0FBF8041619318C0052EAC6 /* Classes */ = {
			isa = PBXGroup;
			children = (
				A0FBF8051619318C0052EAC6 /* ASIAuthenticationDialog.h */,
				A0FBF8061619318C0052EAC6 /* ASIAuthenticationDialog.m */,
				A0FBF8071619318C0052EAC6 /* ASICacheDelegate.h */,
				A0FBF8081619318C0052EAC6 /* ASIDataCompressor.h */,
				A0FBF8091619318C0052EAC6 /* ASIDataCompressor.m */,
				A0FBF80A1619318C0052EAC6 /* ASIDataDecompressor.h */,
				A0FBF80B1619318C0052EAC6 /* ASIDataDecompressor.m */,
				A0FBF80C1619318C0052EAC6 /* ASIDownloadCache.h */,
				A0FBF80D1619318C0052EAC6 /* ASIDownloadCache.m */,
				A0FBF80E1619318C0052EAC6 /* ASIFormDataRequest.h */,
				A0FBF80F1619318C0052EAC6 /* ASIFormDataRequest.m */,
				A0FBF8101619318C0052EAC6 /* ASIHTTPRequest.h */,
				A0FBF8111619318C0052EAC6 /* ASIHTTPRequest.m */,
				A0FBF8121619318C0052EAC6 /* ASIHTTPRequestConfig.h */,
				A0FBF8131619318C0052EAC6 /* ASIHTTPRequestDelegate.h */,
				A0FBF8141619318C0052EAC6 /* ASIInputStream.h */,
				A0FBF8151619318C0052EAC6 /* ASIInputStream.m */,
				A0FBF8161619318C0052EAC6 /* ASINetworkQueue.h */,
				A0FBF8171619318C0052EAC6 /* ASINetworkQueue.m */,
				A0FBF8181619318C0052EAC6 /* ASIProgressDelegate.h */,
				A0FBF8191619318C0052EAC6 /* OAuth */,
			);
			path = Classes;
			sourceTree = "<group>";
		};
		A0FBF8191619318C0052EAC6 /* OAuth */ = {
			isa = PBXGroup;
			children = (
				A0FBF81A1619318C0052EAC6 /* ASIOARequest.h */,
				A0FBF81B1619318C0052EAC6 /* ASIOARequest.m */,
				A0FBF81C1619318C0052EAC6 /* ASIOAuthParameter.h */,
				A0FBF81D1619318C0052EAC6 /* ASIOAuthParameter.m */,
			);
			path = OAuth;
			sourceTree = "<group>";
		};
		A0FBF81E1619318C0052EAC6 /* External */ = {
			isa = PBXGroup;
			children = (
				A0FBF81F1619318C0052EAC6 /* GHUnit */,
				A0FBF8211619318C0052EAC6 /* Reachability */,
			);
			path = External;
			sourceTree = "<group>";
		};
		A0FBF81F1619318C0052EAC6 /* GHUnit */ = {
			isa = PBXGroup;
			children = (
				A0FBF8201619318C0052EAC6 /* README-GHUnit */,
			);
			path = GHUnit;
			sourceTree = "<group>";
		};
		A0FBF8211619318C0052EAC6 /* Reachability */ = {
			isa = PBXGroup;
			children = (
				A0FBF8221619318C0052EAC6 /* Reachability.h */,
				A0FBF8231619318C0052EAC6 /* Reachability.m */,
			);
			path = Reachability;
			sourceTree = "<group>";
		};
		A0FBF8241619318C0052EAC6 /* JSON */ = {
			isa = PBXGroup;
			children = (
				A0FBF8251619318C0052EAC6 /* JSON.h */,
				A0FBF8261619318C0052EAC6 /* NSObject+SBJSON.h */,
				A0FBF8271619318C0052EAC6 /* NSObject+SBJSON.m */,
				A0FBF8281619318C0052EAC6 /* NSString+SBJSON.h */,
				A0FBF8291619318C0052EAC6 /* NSString+SBJSON.m */,
				A0FBF82A1619318C0052EAC6 /* SBJSON.h */,
				A0FBF82B1619318C0052EAC6 /* SBJSON.m */,
				A0FBF82C1619318C0052EAC6 /* SBJsonBase.h */,
				A0FBF82D1619318C0052EAC6 /* SBJsonBase.m */,
				A0FBF82E1619318C0052EAC6 /* SBJsonParser.h */,
				A0FBF82F1619318C0052EAC6 /* SBJsonParser.m */,
				A0FBF8301619318C0052EAC6 /* SBJsonWriter.h */,
				A0FBF8311619318C0052EAC6 /* SBJsonWriter.m */,
			);
			path = JSON;
			sourceTree = "<group>";
		};
		A0FBF8321619318C0052EAC6 /* Models */ = {
			isa = PBXGroup;
			children = (
				A0FBF8331619318C0052EAC6 /* ARAugmentedPhoto.h */,
				A0FBF8341619318C0052EAC6 /* ARAugmentedPhoto.m */,
				A0FBF8351619318C0052EAC6 /* AROverlay.h */,
				A0FBF8361619318C0052EAC6 /* AROverlay.m */,
				A0FBF8371619318C0052EAC6 /* AROverlayPoint.h */,
				A0FBF8381619318C0052EAC6 /* AROverlayPoint.m */,
				A0FBF8391619318C0052EAC6 /* ARSite.h */,
				A0FBF83A1619318C0052EAC6 /* ARSite.m */,
				A0FBF83B1619318C0052EAC6 /* ARSiteImage.h */,
				A0FBF83C1619318C0052EAC6 /* ARSiteImage.m */,
				A0FBF83D1619318C0052EAC6 /* ARSiteOverlayPoint.h */,
				A0FBF83E1619318C0052EAC6 /* ARSiteOverlayPoint.m */,
			);
			path = Models;
			sourceTree = "<group>";
		};
		A0FBF83F1619318C0052EAC6 /* Views */ = {
			isa = PBXGroup;
			children = (
				A0FBF8401619318C0052EAC6 /* ARAugmentedView.h */,
				A0FBF8411619318C0052EAC6 /* ARAugmentedView.m */,
				A0FBF8421619318C0052EAC6 /* AROverlayView.h */,
				A0FBF8431619318C0052EAC6 /* AROverlayView.m */,
				A0FBF8441619318C0052EAC6 /* CachedImageView.h */,
				A0FBF8451619318C0052EAC6 /* CachedImageView.m */,
				A0FBF8461619318C0052EAC6 /* GridCellView.h */,
				A0FBF8471619318C0052EAC6 /* GridCellView.m */,
				A0FBF8481619318C0052EAC6 /* GridView.h */,
				A0FBF8491619318C0052EAC6 /* GridView.m */,
			);
			path = Views;
			sourceTree = "<group>";
		};
/* End PBXGroup section */

/* Begin PBXNativeTarget section */
		A021498516191E9400B74C39 /* SIDemo */ = {
			isa = PBXNativeTarget;
			buildConfigurationList = A02149AA16191E9400B74C39 /* Build configuration list for PBXNativeTarget "SIDemo" */;
			buildPhases = (
				A021498216191E9400B74C39 /* Sources */,
				A021498316191E9400B74C39 /* Frameworks */,
				A021498416191E9400B74C39 /* Resources */,
			);
			buildRules = (
			);
			dependencies = (
			);
			name = SIDemo;
			productName = SIDemo;
			productReference = A021498616191E9400B74C39 /* SIDemo.app */;
			productType = "com.apple.product-type.application";
		};
/* End PBXNativeTarget section */

/* Begin PBXProject section */
		A021497D16191E9400B74C39 /* Project object */ = {
			isa = PBXProject;
			attributes = {
				CLASSPREFIX = SI;
				LastUpgradeCheck = 0450;
				ORGANIZATIONNAME = "Demetri Miller";
			};
			buildConfigurationList = A021498016191E9400B74C39 /* Build configuration list for PBXProject "SIDemo" */;
			compatibilityVersion = "Xcode 3.2";
			developmentRegion = English;
			hasScannedForEncodings = 0;
			knownRegions = (
				en,
			);
			mainGroup = A021497B16191E9400B74C39;
			productRefGroup = A021498716191E9400B74C39 /* Products */;
			projectDirPath = "";
			projectRoot = "";
			targets = (
				A021498516191E9400B74C39 /* SIDemo */,
			);
		};
/* End PBXProject section */

/* Begin PBXResourcesBuildPhase section */
		A021498416191E9400B74C39 /* Resources */ = {
			isa = PBXResourcesBuildPhase;
			buildActionMask = 2147483647;
			files = (
				A0EA8CBD1622719900BDACD8 /* scanline_1.png in Resources */,
				A0EA8CBE1622719900BDACD8 /* scanline_2.png in Resources */,
				A0EA8CBF1622719900BDACD8 /* scanline_3.png in Resources */,
				A0EA8CC01622719900BDACD8 /* scanline_4.png in Resources */,
				A0EA8CC11622719900BDACD8 /* scanline_5.png in Resources */,
				A021499516191E9400B74C39 /* InfoPlist.strings in Resources */,
				A021499D16191E9400B74C39 /* Default.png in Resources */,
				A021499F16191E9400B74C39 /* Default@2x.png in Resources */,
				A02149A116191E9400B74C39 /* Default-568h@2x.png in Resources */,
				A02149A716191E9400B74C39 /* SIViewController.xib in Resources */,
				A0FBF8501619318C0052EAC6 /* ARPhotoViewController.xib in Resources */,
				A0FBF85B1619318C0052EAC6 /* README-GHUnit in Resources */,
				A0FBF87B1619365F0052EAC6 /* test_si_img.jpg in Resources */,
			);
			runOnlyForDeploymentPostprocessing = 0;
		};
/* End PBXResourcesBuildPhase section */

/* Begin PBXSourcesBuildPhase section */
		A021498216191E9400B74C39 /* Sources */ = {
			isa = PBXSourcesBuildPhase;
			buildActionMask = 2147483647;
			files = (
				A021499716191E9400B74C39 /* main.m in Sources */,
				A021499B16191E9400B74C39 /* SIAppDelegate.m in Sources */,
				A02149A416191E9400B74C39 /* SIViewController.m in Sources */,
				A0FBF84A1619318C0052EAC6 /* AROverlayAnimation.m in Sources */,
				A0FBF84B1619318C0052EAC6 /* ARManager.m in Sources */,
				A0FBF84C1619318C0052EAC6 /* AROverlayUtil.m in Sources */,
				A0FBF84D1619318C0052EAC6 /* ASIHTTPRequest+JSONAdditions.m in Sources */,
				A0FBF84E1619318C0052EAC6 /* UIViewAdditions.m in Sources */,
				A0FBF84F1619318C0052EAC6 /* ARPhotoViewController.m in Sources */,
				A0FBF8511619318C0052EAC6 /* ASIAuthenticationDialog.m in Sources */,
				A0FBF8521619318C0052EAC6 /* ASIDataCompressor.m in Sources */,
				A0FBF8531619318C0052EAC6 /* ASIDataDecompressor.m in Sources */,
				A0FBF8541619318C0052EAC6 /* ASIDownloadCache.m in Sources */,
				A0FBF8551619318C0052EAC6 /* ASIFormDataRequest.m in Sources */,
				A0FBF8561619318C0052EAC6 /* ASIHTTPRequest.m in Sources */,
				A0FBF8571619318C0052EAC6 /* ASIInputStream.m in Sources */,
				A0FBF8581619318C0052EAC6 /* ASINetworkQueue.m in Sources */,
				A0FBF8591619318C0052EAC6 /* ASIOARequest.m in Sources */,
				A0FBF85A1619318C0052EAC6 /* ASIOAuthParameter.m in Sources */,
				A0EA8CBC1622705900BDACD8 /* UIImageView+AnimationAdditions.m in Sources */,
				A0FBF85C1619318C0052EAC6 /* Reachability.m in Sources */,
				A0FBF85D1619318C0052EAC6 /* NSObject+SBJSON.m in Sources */,
				A0FBF85E1619318C0052EAC6 /* NSString+SBJSON.m in Sources */,
				A0FBF85F1619318C0052EAC6 /* SBJSON.m in Sources */,
				A0FBF8601619318C0052EAC6 /* SBJsonBase.m in Sources */,
				A0FBF8611619318C0052EAC6 /* SBJsonParser.m in Sources */,
				A0FBF8621619318C0052EAC6 /* SBJsonWriter.m in Sources */,
				A0FBF8631619318C0052EAC6 /* ARAugmentedPhoto.m in Sources */,
				A0FBF8641619318C0052EAC6 /* AROverlay.m in Sources */,
				A0FBF8651619318C0052EAC6 /* AROverlayPoint.m in Sources */,
				A0FBF8661619318C0052EAC6 /* ARSite.m in Sources */,
				A0FBF8671619318C0052EAC6 /* ARSiteImage.m in Sources */,
				A0FBF8681619318C0052EAC6 /* ARSiteOverlayPoint.m in Sources */,
				A0FBF8691619318C0052EAC6 /* ARAugmentedView.m in Sources */,
				A0FBF86A1619318C0052EAC6 /* AROverlayView.m in Sources */,
				A0FBF86B1619318C0052EAC6 /* CachedImageView.m in Sources */,
				A0FBF86C1619318C0052EAC6 /* GridCellView.m in Sources */,
				A0FBF86D1619318C0052EAC6 /* GridView.m in Sources */,
				A0EA8CC81623CBE100BDACD8 /* SIUtil.m in Sources */,
				A00EC55516251AB70047A8E9 /* UILabel+Loading.m in Sources */,
				A00EC559162521E10047A8E9 /* CATextLayer+Loading.m in Sources */,
			);
			runOnlyForDeploymentPostprocessing = 0;
		};
/* End PBXSourcesBuildPhase section */

/* Begin PBXVariantGroup section */
		A021499316191E9400B74C39 /* InfoPlist.strings */ = {
			isa = PBXVariantGroup;
			children = (
				A021499416191E9400B74C39 /* en */,
			);
			name = InfoPlist.strings;
			sourceTree = "<group>";
		};
		A02149A516191E9400B74C39 /* SIViewController.xib */ = {
			isa = PBXVariantGroup;
			children = (
				A02149A616191E9400B74C39 /* en */,
			);
			name = SIViewController.xib;
			sourceTree = "<group>";
		};
/* End PBXVariantGroup section */

/* Begin XCBuildConfiguration section */
		A02149A816191E9400B74C39 /* Debug */ = {
			isa = XCBuildConfiguration;
			buildSettings = {
				ALWAYS_SEARCH_USER_PATHS = NO;
				CLANG_CXX_LANGUAGE_STANDARD = "gnu++0x";
				CLANG_CXX_LIBRARY = "libc++";
				CLANG_ENABLE_OBJC_ARC = YES;
				CLANG_WARN_EMPTY_BODY = YES;
				CLANG_WARN__DUPLICATE_METHOD_MATCH = YES;
				"CODE_SIGN_IDENTITY[sdk=iphoneos*]" = "iPhone Developer";
				COPY_PHASE_STRIP = NO;
				GCC_C_LANGUAGE_STANDARD = gnu99;
				GCC_DYNAMIC_NO_PIC = NO;
				GCC_OPTIMIZATION_LEVEL = 0;
				GCC_PREPROCESSOR_DEFINITIONS = (
					"DEBUG=1",
					"$(inherited)",
				);
				GCC_SYMBOLS_PRIVATE_EXTERN = NO;
				GCC_WARN_ABOUT_RETURN_TYPE = YES;
				GCC_WARN_UNINITIALIZED_AUTOS = YES;
				GCC_WARN_UNUSED_VARIABLE = YES;
				IPHONEOS_DEPLOYMENT_TARGET = 6.0;
				SDKROOT = iphoneos;
			};
			name = Debug;
		};
		A02149A916191E9400B74C39 /* Release */ = {
			isa = XCBuildConfiguration;
			buildSettings = {
				ALWAYS_SEARCH_USER_PATHS = NO;
				CLANG_CXX_LANGUAGE_STANDARD = "gnu++0x";
				CLANG_CXX_LIBRARY = "libc++";
				CLANG_ENABLE_OBJC_ARC = YES;
				CLANG_WARN_EMPTY_BODY = YES;
				CLANG_WARN__DUPLICATE_METHOD_MATCH = YES;
				"CODE_SIGN_IDENTITY[sdk=iphoneos*]" = "iPhone Developer";
				COPY_PHASE_STRIP = YES;
				GCC_C_LANGUAGE_STANDARD = gnu99;
				GCC_WARN_ABOUT_RETURN_TYPE = YES;
				GCC_WARN_UNINITIALIZED_AUTOS = YES;
				GCC_WARN_UNUSED_VARIABLE = YES;
				IPHONEOS_DEPLOYMENT_TARGET = 6.0;
				OTHER_CFLAGS = "-DNS_BLOCK_ASSERTIONS=1";
				SDKROOT = iphoneos;
				VALIDATE_PRODUCT = YES;
			};
			name = Release;
		};
		A02149AB16191E9400B74C39 /* Debug */ = {
			isa = XCBuildConfiguration;
			buildSettings = {
				GCC_PRECOMPILE_PREFIX_HEADER = YES;
				GCC_PREFIX_HEADER = "SIDemo/SIDemo-Prefix.pch";
				INFOPLIST_FILE = "SIDemo/SIDemo-Info.plist";
				PRODUCT_NAME = "$(TARGET_NAME)";
				WRAPPER_EXTENSION = app;
			};
			name = Debug;
		};
		A02149AC16191E9400B74C39 /* Release */ = {
			isa = XCBuildConfiguration;
			buildSettings = {
				GCC_PRECOMPILE_PREFIX_HEADER = YES;
				GCC_PREFIX_HEADER = "SIDemo/SIDemo-Prefix.pch";
				INFOPLIST_FILE = "SIDemo/SIDemo-Info.plist";
				PRODUCT_NAME = "$(TARGET_NAME)";
				WRAPPER_EXTENSION = app;
			};
			name = Release;
		};
/* End XCBuildConfiguration section */

/* Begin XCConfigurationList section */
		A021498016191E9400B74C39 /* Build configuration list for PBXProject "SIDemo" */ = {
			isa = XCConfigurationList;
			buildConfigurations = (
				A02149A816191E9400B74C39 /* Debug */,
				A02149A916191E9400B74C39 /* Release */,
			);
			defaultConfigurationIsVisible = 0;
			defaultConfigurationName = Release;
		};
		A02149AA16191E9400B74C39 /* Build configuration list for PBXNativeTarget "SIDemo" */ = {
			isa = XCConfigurationList;
			buildConfigurations = (
				A02149AB16191E9400B74C39 /* Debug */,
				A02149AC16191E9400B74C39 /* Release */,
			);
			defaultConfigurationIsVisible = 0;
			defaultConfigurationName = Release;
		};
/* End XCConfigurationList section */
	};
	rootObject = A021497D16191E9400B74C39 /* Project object */;
}
